// !$*UTF8*$!
{
	archiveVersion = 1;
	classes = {
	};
	objectVersion = 50;
	objects = {

/* Begin PBXBuildFile section */
		8F3E964A242BF6ED00DCD62D /* AppDelegate.swift in Sources */ = {isa = PBXBuildFile; fileRef = 8F3E9649242BF6ED00DCD62D /* AppDelegate.swift */; };
		8F3E964E242BF6ED00DCD62D /* ViewController.swift in Sources */ = {isa = PBXBuildFile; fileRef = 8F3E964D242BF6ED00DCD62D /* ViewController.swift */; };
		8F3E9653242BF6F100DCD62D /* Assets.xcassets in Resources */ = {isa = PBXBuildFile; fileRef = 8F3E9652242BF6F100DCD62D /* Assets.xcassets */; };
		8F3E9656242BF6F100DCD62D /* LaunchScreen.storyboard in Resources */ = {isa = PBXBuildFile; fileRef = 8F3E9654242BF6F100DCD62D /* LaunchScreen.storyboard */; };
		8F3E966D242C03DA00DCD62D /* ListItem.swift in Sources */ = {isa = PBXBuildFile; fileRef = 8F3E966C242C03DA00DCD62D /* ListItem.swift */; };
		8F3E966F242C045600DCD62D /* PokemonItem.swift in Sources */ = {isa = PBXBuildFile; fileRef = 8F3E966E242C045600DCD62D /* PokemonItem.swift */; };
		8F3E9672242C056A00DCD62D /* PokemonLoader.swift in Sources */ = {isa = PBXBuildFile; fileRef = 8F3E9671242C056A00DCD62D /* PokemonLoader.swift */; };
		8F3E9674242C06BF00DCD62D /* ListLoader.swift in Sources */ = {isa = PBXBuildFile; fileRef = 8F3E9673242C06BF00DCD62D /* ListLoader.swift */; };
/* End PBXBuildFile section */

/* Begin PBXContainerItemProxy section */
		8F3E965D242BF6F200DCD62D /* PBXContainerItemProxy */ = {
			isa = PBXContainerItemProxy;
			containerPortal = 8F3E963E242BF6ED00DCD62D /* Project object */;
			proxyType = 1;
			remoteGlobalIDString = 8F3E9645242BF6ED00DCD62D;
			remoteInfo = Pokedex;
		};
/* End PBXContainerItemProxy section */

/* Begin PBXFileReference section */
		8F3E9646242BF6ED00DCD62D /* Pokedex.app */ = {isa = PBXFileReference; explicitFileType = wrapper.application; includeInIndex = 0; path = Pokedex.app; sourceTree = BUILT_PRODUCTS_DIR; };
		8F3E9649242BF6ED00DCD62D /* AppDelegate.swift */ = {isa = PBXFileReference; lastKnownFileType = sourcecode.swift; path = AppDelegate.swift; sourceTree = "<group>"; };
		8F3E964D242BF6ED00DCD62D /* ViewController.swift */ = {isa = PBXFileReference; lastKnownFileType = sourcecode.swift; path = ViewController.swift; sourceTree = "<group>"; };
		8F3E9652242BF6F100DCD62D /* Assets.xcassets */ = {isa = PBXFileReference; lastKnownFileType = folder.assetcatalog; path = Assets.xcassets; sourceTree = "<group>"; };
		8F3E9655242BF6F100DCD62D /* Base */ = {isa = PBXFileReference; lastKnownFileType = file.storyboard; name = Base; path = Base.lproj/LaunchScreen.storyboard; sourceTree = "<group>"; };
		8F3E9657242BF6F200DCD62D /* Info.plist */ = {isa = PBXFileReference; lastKnownFileType = text.plist.xml; path = Info.plist; sourceTree = "<group>"; };
		8F3E965C242BF6F200DCD62D /* PokedexTests.xctest */ = {isa = PBXFileReference; explicitFileType = wrapper.cfbundle; includeInIndex = 0; path = PokedexTests.xctest; sourceTree = BUILT_PRODUCTS_DIR; };
		8F3E9662242BF6F200DCD62D /* Info.plist */ = {isa = PBXFileReference; lastKnownFileType = text.plist.xml; path = Info.plist; sourceTree = "<group>"; };
		8F3E966C242C03DA00DCD62D /* ListItem.swift */ = {isa = PBXFileReference; lastKnownFileType = sourcecode.swift; path = ListItem.swift; sourceTree = "<group>"; };
		8F3E966E242C045600DCD62D /* PokemonItem.swift */ = {isa = PBXFileReference; lastKnownFileType = sourcecode.swift; path = PokemonItem.swift; sourceTree = "<group>"; };
		8F3E9671242C056A00DCD62D /* PokemonLoader.swift */ = {isa = PBXFileReference; lastKnownFileType = sourcecode.swift; path = PokemonLoader.swift; sourceTree = "<group>"; };
		8F3E9673242C06BF00DCD62D /* ListLoader.swift */ = {isa = PBXFileReference; lastKnownFileType = sourcecode.swift; path = ListLoader.swift; sourceTree = "<group>"; };
/* End PBXFileReference section */

/* Begin PBXFrameworksBuildPhase section */
		8F3E9643242BF6ED00DCD62D /* Frameworks */ = {
			isa = PBXFrameworksBuildPhase;
			buildActionMask = 2147483647;
			files = (
			);
			runOnlyForDeploymentPostprocessing = 0;
		};
		8F3E9659242BF6F200DCD62D /* Frameworks */ = {
			isa = PBXFrameworksBuildPhase;
			buildActionMask = 2147483647;
			files = (
			);
			runOnlyForDeploymentPostprocessing = 0;
		};
/* End PBXFrameworksBuildPhase section */

/* Begin PBXGroup section */
		8F3E963D242BF6ED00DCD62D = {
			isa = PBXGroup;
			children = (
				8F3E9648242BF6ED00DCD62D /* Pokedex */,
				8F3E965F242BF6F200DCD62D /* PokedexTests */,
				8F3E9647242BF6ED00DCD62D /* Products */,
			);
			sourceTree = "<group>";
		};
		8F3E9647242BF6ED00DCD62D /* Products */ = {
			isa = PBXGroup;
			children = (
				8F3E9646242BF6ED00DCD62D /* Pokedex.app */,
				8F3E965C242BF6F200DCD62D /* PokedexTests.xctest */,
			);
			name = Products;
			sourceTree = "<group>";
		};
		8F3E9648242BF6ED00DCD62D /* Pokedex */ = {
			isa = PBXGroup;
			children = (
				8F3E9670242C053400DCD62D /* Service */,
				8F3E966B242C035000DCD62D /* Model */,
				8F3E9649242BF6ED00DCD62D /* AppDelegate.swift */,
				8F3E964D242BF6ED00DCD62D /* ViewController.swift */,
				8F3E9652242BF6F100DCD62D /* Assets.xcassets */,
				8F3E9654242BF6F100DCD62D /* LaunchScreen.storyboard */,
				8F3E9657242BF6F200DCD62D /* Info.plist */,
			);
			path = Pokedex;
			sourceTree = "<group>";
		};
		8F3E965F242BF6F200DCD62D /* PokedexTests */ = {
			isa = PBXGroup;
			children = (
				8F3E9662242BF6F200DCD62D /* Info.plist */,
			);
			path = PokedexTests;
			sourceTree = "<group>";
		};
		8F3E966B242C035000DCD62D /* Model */ = {
			isa = PBXGroup;
			children = (
				8F3E966C242C03DA00DCD62D /* ListItem.swift */,
				8F3E966E242C045600DCD62D /* PokemonItem.swift */,
			);
			path = Model;
			sourceTree = "<group>";
		};
		8F3E9670242C053400DCD62D /* Service */ = {
			isa = PBXGroup;
			children = (
				8F3E9673242C06BF00DCD62D /* ListLoader.swift */,
				8F3E9671242C056A00DCD62D /* PokemonLoader.swift */,
			);
			path = Service;
			sourceTree = "<group>";
		};
/* End PBXGroup section */

/* Begin PBXNativeTarget section */
		8F3E9645242BF6ED00DCD62D /* Pokedex */ = {
			isa = PBXNativeTarget;
			buildConfigurationList = 8F3E9665242BF6F200DCD62D /* Build configuration list for PBXNativeTarget "Pokedex" */;
			buildPhases = (
				8F3E9642242BF6ED00DCD62D /* Sources */,
				8F3E9643242BF6ED00DCD62D /* Frameworks */,
				8F3E9644242BF6ED00DCD62D /* Resources */,
			);
			buildRules = (
			);
			dependencies = (
			);
			name = Pokedex;
			productName = Pokedex;
			productReference = 8F3E9646242BF6ED00DCD62D /* Pokedex.app */;
			productType = "com.apple.product-type.application";
		};
		8F3E965B242BF6F200DCD62D /* PokedexTests */ = {
			isa = PBXNativeTarget;
			buildConfigurationList = 8F3E9668242BF6F200DCD62D /* Build configuration list for PBXNativeTarget "PokedexTests" */;
			buildPhases = (
				8F3E9658242BF6F200DCD62D /* Sources */,
				8F3E9659242BF6F200DCD62D /* Frameworks */,
				8F3E965A242BF6F200DCD62D /* Resources */,
			);
			buildRules = (
			);
			dependencies = (
				8F3E965E242BF6F200DCD62D /* PBXTargetDependency */,
			);
			name = PokedexTests;
			productName = PokedexTests;
			productReference = 8F3E965C242BF6F200DCD62D /* PokedexTests.xctest */;
			productType = "com.apple.product-type.bundle.unit-test";
		};
/* End PBXNativeTarget section */

/* Begin PBXProject section */
		8F3E963E242BF6ED00DCD62D /* Project object */ = {
			isa = PBXProject;
			attributes = {
				LastSwiftUpdateCheck = 1130;
				LastUpgradeCheck = 1130;
				ORGANIZATIONNAME = "Vinicius Moreira Leal";
				TargetAttributes = {
					8F3E9645242BF6ED00DCD62D = {
						CreatedOnToolsVersion = 11.3.1;
					};
					8F3E965B242BF6F200DCD62D = {
						CreatedOnToolsVersion = 11.3.1;
						TestTargetID = 8F3E9645242BF6ED00DCD62D;
					};
				};
			};
			buildConfigurationList = 8F3E9641242BF6ED00DCD62D /* Build configuration list for PBXProject "Pokedex" */;
			compatibilityVersion = "Xcode 9.3";
			developmentRegion = en;
			hasScannedForEncodings = 0;
			knownRegions = (
				en,
				Base,
			);
			mainGroup = 8F3E963D242BF6ED00DCD62D;
			productRefGroup = 8F3E9647242BF6ED00DCD62D /* Products */;
			projectDirPath = "";
			projectRoot = "";
			targets = (
				8F3E9645242BF6ED00DCD62D /* Pokedex */,
				8F3E965B242BF6F200DCD62D /* PokedexTests */,
			);
		};
/* End PBXProject section */

/* Begin PBXResourcesBuildPhase section */
		8F3E9644242BF6ED00DCD62D /* Resources */ = {
			isa = PBXResourcesBuildPhase;
			buildActionMask = 2147483647;
			files = (
				8F3E9656242BF6F100DCD62D /* LaunchScreen.storyboard in Resources */,
				8F3E9653242BF6F100DCD62D /* Assets.xcassets in Resources */,
			);
			runOnlyForDeploymentPostprocessing = 0;
		};
		8F3E965A242BF6F200DCD62D /* Resources */ = {
			isa = PBXResourcesBuildPhase;
			buildActionMask = 2147483647;
			files = (
			);
			runOnlyForDeploymentPostprocessing = 0;
		};
/* End PBXResourcesBuildPhase section */

/* Begin PBXSourcesBuildPhase section */
		8F3E9642242BF6ED00DCD62D /* Sources */ = {
			isa = PBXSourcesBuildPhase;
			buildActionMask = 2147483647;
			files = (
				8F3E966F242C045600DCD62D /* PokemonItem.swift in Sources */,
				8F3E964E242BF6ED00DCD62D /* ViewController.swift in Sources */,
				8F3E9674242C06BF00DCD62D /* ListLoader.swift in Sources */,
				8F3E966D242C03DA00DCD62D /* ListItem.swift in Sources */,
				8F3E9672242C056A00DCD62D /* PokemonLoader.swift in Sources */,
				8F3E964A242BF6ED00DCD62D /* AppDelegate.swift in Sources */,
			);
			runOnlyForDeploymentPostprocessing = 0;
		};
		8F3E9658242BF6F200DCD62D /* Sources */ = {
			isa = PBXSourcesBuildPhase;
			buildActionMask = 2147483647;
			files = (
			);
			runOnlyForDeploymentPostprocessing = 0;
		};
/* End PBXSourcesBuildPhase section */

/* Begin PBXTargetDependency section */
		8F3E965E242BF6F200DCD62D /* PBXTargetDependency */ = {
			isa = PBXTargetDependency;
			target = 8F3E9645242BF6ED00DCD62D /* Pokedex */;
			targetProxy = 8F3E965D242BF6F200DCD62D /* PBXContainerItemProxy */;
		};
/* End PBXTargetDependency section */

/* Begin PBXVariantGroup section */
		8F3E9654242BF6F100DCD62D /* LaunchScreen.storyboard */ = {
			isa = PBXVariantGroup;
			children = (
				8F3E9655242BF6F100DCD62D /* Base */,
			);
			name = LaunchScreen.storyboard;
			sourceTree = "<group>";
		};
/* End PBXVariantGroup section */

/* Begin XCBuildConfiguration section */
		8F3E9663242BF6F200DCD62D /* Debug */ = {
			isa = XCBuildConfiguration;
			buildSettings = {
				ALWAYS_SEARCH_USER_PATHS = NO;
				CLANG_ANALYZER_NONNULL = YES;
				CLANG_ANALYZER_NUMBER_OBJECT_CONVERSION = YES_AGGRESSIVE;
				CLANG_CXX_LANGUAGE_STANDARD = "gnu++14";
				CLANG_CXX_LIBRARY = "libc++";
				CLANG_ENABLE_MODULES = YES;
				CLANG_ENABLE_OBJC_ARC = YES;
				CLANG_ENABLE_OBJC_WEAK = YES;
				CLANG_WARN_BLOCK_CAPTURE_AUTORELEASING = YES;
				CLANG_WARN_BOOL_CONVERSION = YES;
				CLANG_WARN_COMMA = YES;
				CLANG_WARN_CONSTANT_CONVERSION = YES;
				CLANG_WARN_DEPRECATED_OBJC_IMPLEMENTATIONS = YES;
				CLANG_WARN_DIRECT_OBJC_ISA_USAGE = YES_ERROR;
				CLANG_WARN_DOCUMENTATION_COMMENTS = YES;
				CLANG_WARN_EMPTY_BODY = YES;
				CLANG_WARN_ENUM_CONVERSION = YES;
				CLANG_WARN_INFINITE_RECURSION = YES;
				CLANG_WARN_INT_CONVERSION = YES;
				CLANG_WARN_NON_LITERAL_NULL_CONVERSION = YES;
				CLANG_WARN_OBJC_IMPLICIT_RETAIN_SELF = YES;
				CLANG_WARN_OBJC_LITERAL_CONVERSION = YES;
				CLANG_WARN_OBJC_ROOT_CLASS = YES_ERROR;
				CLANG_WARN_RANGE_LOOP_ANALYSIS = YES;
				CLANG_WARN_STRICT_PROTOTYPES = YES;
				CLANG_WARN_SUSPICIOUS_MOVE = YES;
				CLANG_WARN_UNGUARDED_AVAILABILITY = YES_AGGRESSIVE;
				CLANG_WARN_UNREACHABLE_CODE = YES;
				CLANG_WARN__DUPLICATE_METHOD_MATCH = YES;
				COPY_PHASE_STRIP = NO;
				DEBUG_INFORMATION_FORMAT = dwarf;
				ENABLE_STRICT_OBJC_MSGSEND = YES;
				ENABLE_TESTABILITY = YES;
				GCC_C_LANGUAGE_STANDARD = gnu11;
				GCC_DYNAMIC_NO_PIC = NO;
				GCC_NO_COMMON_BLOCKS = YES;
				GCC_OPTIMIZATION_LEVEL = 0;
				GCC_PREPROCESSOR_DEFINITIONS = (
					"DEBUG=1",
					"$(inherited)",
				);
				GCC_WARN_64_TO_32_BIT_CONVERSION = YES;
				GCC_WARN_ABOUT_RETURN_TYPE = YES_ERROR;
				GCC_WARN_UNDECLARED_SELECTOR = YES;
				GCC_WARN_UNINITIALIZED_AUTOS = YES_AGGRESSIVE;
				GCC_WARN_UNUSED_FUNCTION = YES;
				GCC_WARN_UNUSED_VARIABLE = YES;
				IPHONEOS_DEPLOYMENT_TARGET = 13.0;
				MTL_ENABLE_DEBUG_INFO = INCLUDE_SOURCE;
				MTL_FAST_MATH = YES;
				ONLY_ACTIVE_ARCH = YES;
				SDKROOT = iphoneos;
				SWIFT_ACTIVE_COMPILATION_CONDITIONS = DEBUG;
				SWIFT_OPTIMIZATION_LEVEL = "-Onone";
			};
			name = Debug;
		};
		8F3E9664242BF6F200DCD62D /* Release */ = {
			isa = XCBuildConfiguration;
			buildSettings = {
				ALWAYS_SEARCH_USER_PATHS = NO;
				CLANG_ANALYZER_NONNULL = YES;
				CLANG_ANALYZER_NUMBER_OBJECT_CONVERSION = YES_AGGRESSIVE;
				CLANG_CXX_LANGUAGE_STANDARD = "gnu++14";
				CLANG_CXX_LIBRARY = "libc++";
				CLANG_ENABLE_MODULES = YES;
				CLANG_ENABLE_OBJC_ARC = YES;
				CLANG_ENABLE_OBJC_WEAK = YES;
				CLANG_WARN_BLOCK_CAPTURE_AUTORELEASING = YES;
				CLANG_WARN_BOOL_CONVERSION = YES;
				CLANG_WARN_COMMA = YES;
				CLANG_WARN_CONSTANT_CONVERSION = YES;
				CLANG_WARN_DEPRECATED_OBJC_IMPLEMENTATIONS = YES;
				CLANG_WARN_DIRECT_OBJC_ISA_USAGE = YES_ERROR;
				CLANG_WARN_DOCUMENTATION_COMMENTS = YES;
				CLANG_WARN_EMPTY_BODY = YES;
				CLANG_WARN_ENUM_CONVERSION = YES;
				CLANG_WARN_INFINITE_RECURSION = YES;
				CLANG_WARN_INT_CONVERSION = YES;
				CLANG_WARN_NON_LITERAL_NULL_CONVERSION = YES;
				CLANG_WARN_OBJC_IMPLICIT_RETAIN_SELF = YES;
				CLANG_WARN_OBJC_LITERAL_CONVERSION = YES;
				CLANG_WARN_OBJC_ROOT_CLASS = YES_ERROR;
				CLANG_WARN_RANGE_LOOP_ANALYSIS = YES;
				CLANG_WARN_STRICT_PROTOTYPES = YES;
				CLANG_WARN_SUSPICIOUS_MOVE = YES;
				CLANG_WARN_UNGUARDED_AVAILABILITY = YES_AGGRESSIVE;
				CLANG_WARN_UNREACHABLE_CODE = YES;
				CLANG_WARN__DUPLICATE_METHOD_MATCH = YES;
				COPY_PHASE_STRIP = NO;
				DEBUG_INFORMATION_FORMAT = "dwarf-with-dsym";
				ENABLE_NS_ASSERTIONS = NO;
				ENABLE_STRICT_OBJC_MSGSEND = YES;
				GCC_C_LANGUAGE_STANDARD = gnu11;
				GCC_NO_COMMON_BLOCKS = YES;
				GCC_WARN_64_TO_32_BIT_CONVERSION = YES;
				GCC_WARN_ABOUT_RETURN_TYPE = YES_ERROR;
				GCC_WARN_UNDECLARED_SELECTOR = YES;
				GCC_WARN_UNINITIALIZED_AUTOS = YES_AGGRESSIVE;
				GCC_WARN_UNUSED_FUNCTION = YES;
				GCC_WARN_UNUSED_VARIABLE = YES;
				IPHONEOS_DEPLOYMENT_TARGET = 10.0;
				MTL_ENABLE_DEBUG_INFO = NO;
				MTL_FAST_MATH = YES;
				SDKROOT = iphoneos;
				SWIFT_COMPILATION_MODE = wholemodule;
				SWIFT_OPTIMIZATION_LEVEL = "-O";
				VALIDATE_PRODUCT = YES;
			};
			name = Release;
		};
		8F3E9666242BF6F200DCD62D /* Debug */ = {
			isa = XCBuildConfiguration;
			buildSettings = {
				ASSETCATALOG_COMPILER_APPICON_NAME = AppIcon;
				CODE_SIGN_STYLE = Automatic;
				DEVELOPMENT_TEAM = 3SNY4A7B39;
				INFOPLIST_FILE = Pokedex/Info.plist;
				LD_RUNPATH_SEARCH_PATHS = (
					"$(inherited)",
					"@executable_path/Frameworks",
				);
				PRODUCT_BUNDLE_IDENTIFIER = com.viniciusLeal.Pokedex;
				PRODUCT_NAME = "$(TARGET_NAME)";
				SWIFT_VERSION = 5.0;
				TARGETED_DEVICE_FAMILY = "1,2";
			};
			name = Debug;
		};
		8F3E9667242BF6F200DCD62D /* Release */ = {
			isa = XCBuildConfiguration;
			buildSettings = {
				ASSETCATALOG_COMPILER_APPICON_NAME = AppIcon;
				CODE_SIGN_STYLE = Automatic;
				DEVELOPMENT_TEAM = 3SNY4A7B39;
				INFOPLIST_FILE = Pokedex/Info.plist;
				LD_RUNPATH_SEARCH_PATHS = (
					"$(inherited)",
					"@executable_path/Frameworks",
				);
				PRODUCT_BUNDLE_IDENTIFIER = com.viniciusLeal.Pokedex;
				PRODUCT_NAME = "$(TARGET_NAME)";
				SWIFT_VERSION = 5.0;
				TARGETED_DEVICE_FAMILY = "1,2";
			};
			name = Release;
		};
		8F3E9669242BF6F200DCD62D /* Debug */ = {
			isa = XCBuildConfiguration;
			buildSettings = {
				ALWAYS_EMBED_SWIFT_STANDARD_LIBRARIES = YES;
				BUNDLE_LOADER = "$(TEST_HOST)";
				CODE_SIGN_STYLE = Automatic;
				DEVELOPMENT_TEAM = 3SNY4A7B39;
				INFOPLIST_FILE = PokedexTests/Info.plist;
				IPHONEOS_DEPLOYMENT_TARGET = 13.2;
				LD_RUNPATH_SEARCH_PATHS = (
					"$(inherited)",
					"@executable_path/Frameworks",
					"@loader_path/Frameworks",
				);
				PRODUCT_BUNDLE_IDENTIFIER = com.viniciusLeal.PokedexTests;
				PRODUCT_NAME = "$(TARGET_NAME)";
				SWIFT_VERSION = 5.0;
				TARGETED_DEVICE_FAMILY = "1,2";
				TEST_HOST = "$(BUILT_PRODUCTS_DIR)/Pokedex.app/Pokedex";
			};
			name = Debug;
		};
		8F3E966A242BF6F200DCD62D /* Release */ = {
			isa = XCBuildConfiguration;
			buildSettings = {
				ALWAYS_EMBED_SWIFT_STANDARD_LIBRARIES = YES;
				BUNDLE_LOADER = "$(TEST_HOST)";
				CODE_SIGN_STYLE = Automatic;
				DEVELOPMENT_TEAM = 3SNY4A7B39;
				INFOPLIST_FILE = PokedexTests/Info.plist;
				IPHONEOS_DEPLOYMENT_TARGET = 13.2;
				LD_RUNPATH_SEARCH_PATHS = (
					"$(inherited)",
					"@executable_path/Frameworks",
					"@loader_path/Frameworks",
				);
				PRODUCT_BUNDLE_IDENTIFIER = com.viniciusLeal.PokedexTests;
				PRODUCT_NAME = "$(TARGET_NAME)";
				SWIFT_VERSION = 5.0;
				TARGETED_DEVICE_FAMILY = "1,2";
				TEST_HOST = "$(BUILT_PRODUCTS_DIR)/Pokedex.app/Pokedex";
			};
			name = Release;
		};
/* End XCBuildConfiguration section */

/* Begin XCConfigurationList section */
		8F3E9641242BF6ED00DCD62D /* Build configuration list for PBXProject "Pokedex" */ = {
			isa = XCConfigurationList;
			buildConfigurations = (
				8F3E9663242BF6F200DCD62D /* Debug */,
				8F3E9664242BF6F200DCD62D /* Release */,
			);
			defaultConfigurationIsVisible = 0;
			defaultConfigurationName = Release;
		};
		8F3E9665242BF6F200DCD62D /* Build configuration list for PBXNativeTarget "Pokedex" */ = {
			isa = XCConfigurationList;
			buildConfigurations = (
				8F3E9666242BF6F200DCD62D /* Debug */,
				8F3E9667242BF6F200DCD62D /* Release */,
			);
			defaultConfigurationIsVisible = 0;
			defaultConfigurationName = Release;
		};
		8F3E9668242BF6F200DCD62D /* Build configuration list for PBXNativeTarget "PokedexTests" */ = {
			isa = XCConfigurationList;
			buildConfigurations = (
				8F3E9669242BF6F200DCD62D /* Debug */,
				8F3E966A242BF6F200DCD62D /* Release */,
			);
			defaultConfigurationIsVisible = 0;
			defaultConfigurationName = Release;
		};
/* End XCConfigurationList section */
	};
	rootObject = 8F3E963E242BF6ED00DCD62D /* Project object */;
}
