// !$*UTF8*$!
{
	archiveVersion = 1;
	classes = {
	};
	objectVersion = 52;
	objects = {

/* Begin PBXBuildFile section */
		8F1304772549FF0A003F3FBC /* RefreshViewController.swift in Sources */ = {isa = PBXBuildFile; fileRef = 8F1304762549FF0A003F3FBC /* RefreshViewController.swift */; };
		8F13047C254A0202003F3FBC /* ResourceListCellController.swift in Sources */ = {isa = PBXBuildFile; fileRef = 8F13047B254A0202003F3FBC /* ResourceListCellController.swift */; };
		8F3E964A242BF6ED00DCD62D /* AppDelegate.swift in Sources */ = {isa = PBXBuildFile; fileRef = 8F3E9649242BF6ED00DCD62D /* AppDelegate.swift */; };
		8F3E964E242BF6ED00DCD62D /* ResourceListCollectionViewController.swift in Sources */ = {isa = PBXBuildFile; fileRef = 8F3E964D242BF6ED00DCD62D /* ResourceListCollectionViewController.swift */; };
		8F3E9653242BF6F100DCD62D /* Assets.xcassets in Resources */ = {isa = PBXBuildFile; fileRef = 8F3E9652242BF6F100DCD62D /* Assets.xcassets */; };
		8F3E9656242BF6F100DCD62D /* LaunchScreen.storyboard in Resources */ = {isa = PBXBuildFile; fileRef = 8F3E9654242BF6F100DCD62D /* LaunchScreen.storyboard */; };
		8F7B09E92430A56C003377F0 /* RemoteLoaderEndToEndTests.swift in Sources */ = {isa = PBXBuildFile; fileRef = 8F7B09E82430A56C003377F0 /* RemoteLoaderEndToEndTests.swift */; };
		8F7B09EB2430B425003377F0 /* ResourceListCollectionViewControllerTests.swift in Sources */ = {isa = PBXBuildFile; fileRef = 8F7B09EA2430B425003377F0 /* ResourceListCollectionViewControllerTests.swift */; };
		8F7B09EF2430BA54003377F0 /* Extensions.swift in Sources */ = {isa = PBXBuildFile; fileRef = 8F7B09EE2430BA54003377F0 /* Extensions.swift */; };
		8F7B09F12430C04A003377F0 /* Constants.swift in Sources */ = {isa = PBXBuildFile; fileRef = 8F7B09F02430C04A003377F0 /* Constants.swift */; };
		8F7B09F32430C978003377F0 /* ListCell.swift in Sources */ = {isa = PBXBuildFile; fileRef = 8F7B09F22430C978003377F0 /* ListCell.swift */; };
		8F7B09F82430CB62003377F0 /* ListViewModel.swift in Sources */ = {isa = PBXBuildFile; fileRef = 8F7B09F72430CB62003377F0 /* ListViewModel.swift */; };
		8F7B09FD24310107003377F0 /* PokemonViewController.swift in Sources */ = {isa = PBXBuildFile; fileRef = 8F7B09FC24310107003377F0 /* PokemonViewController.swift */; };
		8F7B09FF2431039C003377F0 /* PokemonViewModel.swift in Sources */ = {isa = PBXBuildFile; fileRef = 8F7B09FE2431039C003377F0 /* PokemonViewModel.swift */; };
		8F7B0A052431073F003377F0 /* BaseCell.swift in Sources */ = {isa = PBXBuildFile; fileRef = 8F7B0A042431073F003377F0 /* BaseCell.swift */; };
		8F7B0A0B24310CDC003377F0 /* CachedImageView.swift in Sources */ = {isa = PBXBuildFile; fileRef = 8F7B0A0A24310CDC003377F0 /* CachedImageView.swift */; };
		8F7B0A1124313EAF003377F0 /* PokemonMainView.swift in Sources */ = {isa = PBXBuildFile; fileRef = 8F7B0A1024313EAF003377F0 /* PokemonMainView.swift */; };
		8F7B0A13243142AB003377F0 /* PokemonInfoView.swift in Sources */ = {isa = PBXBuildFile; fileRef = 8F7B0A12243142AB003377F0 /* PokemonInfoView.swift */; };
		8F7B0A1524314414003377F0 /* UIViewController+Alert.swift in Sources */ = {isa = PBXBuildFile; fileRef = 8F7B0A1424314414003377F0 /* UIViewController+Alert.swift */; };
		8FD7ECC0247DB90D00DAD0C8 /* TrackMemoryLeaks.swift in Sources */ = {isa = PBXBuildFile; fileRef = 8FD7ECBF247DB90D00DAD0C8 /* TrackMemoryLeaks.swift */; };
		8FE5A7392544608D00D1B71A /* SharedTestHelpers.swift in Sources */ = {isa = PBXBuildFile; fileRef = 8FE5A7382544608D00D1B71A /* SharedTestHelpers.swift */; };
		8FE5A76D2545B37500D1B71A /* TrackMemoryLeaks.swift in Sources */ = {isa = PBXBuildFile; fileRef = 8FD7ECBF247DB90D00DAD0C8 /* TrackMemoryLeaks.swift */; };
		D8348E8B25BC795D00E13A9F /* HTTPClient.swift in Sources */ = {isa = PBXBuildFile; fileRef = 8F3E9673242C06BF00DCD62D /* HTTPClient.swift */; };
		D8348E9225BC796100E13A9F /* AFHTTPClient.swift in Sources */ = {isa = PBXBuildFile; fileRef = 8FE2C912242D4F2F00CDAD9F /* AFHTTPClient.swift */; };
		D8348EA525BC796700E13A9F /* HTTPClientMainQueueDecorator.swift in Sources */ = {isa = PBXBuildFile; fileRef = D873AC5B25AB7B9C0083E73E /* HTTPClientMainQueueDecorator.swift */; };
		D8348EB225BC796B00E13A9F /* HTTPURLResponse+StatusCode.swift in Sources */ = {isa = PBXBuildFile; fileRef = 8FE5A72E2543662A00D1B71A /* HTTPURLResponse+StatusCode.swift */; };
		D8348EBF25BC797C00E13A9F /* RemoteLoader.swift in Sources */ = {isa = PBXBuildFile; fileRef = 8FE2C914242D4F6600CDAD9F /* RemoteLoader.swift */; };
		D8348ECC25BC798000E13A9F /* RemotePokemonLoader.swift in Sources */ = {isa = PBXBuildFile; fileRef = 8FE5A75A25458F3300D1B71A /* RemotePokemonLoader.swift */; };
		D8348ED925BC798500E13A9F /* RemoteListLoader.swift in Sources */ = {isa = PBXBuildFile; fileRef = 8FE5A75F25458FBF00D1B71A /* RemoteListLoader.swift */; };
		D8348EE725BC79D800E13A9F /* ResourceMapper.swift in Sources */ = {isa = PBXBuildFile; fileRef = 8FAD8C9525498E9700C2C78F /* ResourceMapper.swift */; };
		D8348EF425BC79DF00E13A9F /* ListItemMapper.swift in Sources */ = {isa = PBXBuildFile; fileRef = 8FE5A74D25458EC900D1B71A /* ListItemMapper.swift */; };
		D8348F0125BC79E600E13A9F /* PokemonItemMapper.swift in Sources */ = {isa = PBXBuildFile; fileRef = 8FE5A75225458EE500D1B71A /* PokemonItemMapper.swift */; };
		D8348F2D25BC7AD900E13A9F /* RemoteLoaderTests.swift in Sources */ = {isa = PBXBuildFile; fileRef = 8FE5A7332543676000D1B71A /* RemoteLoaderTests.swift */; };
		D8348F3425BC7AE500E13A9F /* AFHTTPClientTests.swift in Sources */ = {isa = PBXBuildFile; fileRef = 8FE5A7642545A84E00D1B71A /* AFHTTPClientTests.swift */; };
		D8348F5325BC7B3A00E13A9F /* ListItemMapperTests.swift in Sources */ = {isa = PBXBuildFile; fileRef = 8FE5A73D254462C100D1B71A /* ListItemMapperTests.swift */; };
		D8348F6025BC7B3E00E13A9F /* PokemonItemMapperTests.swift in Sources */ = {isa = PBXBuildFile; fileRef = 8FE5A7422544766E00D1B71A /* PokemonItemMapperTests.swift */; };
		D8348F6E25BC7BBD00E13A9F /* HTTPClientSpy.swift in Sources */ = {isa = PBXBuildFile; fileRef = 8FB4642A242F96B400C1FE8A /* HTTPClientSpy.swift */; };
		D8348F7B25BC7BC100E13A9F /* ServiceHelpers.swift in Sources */ = {isa = PBXBuildFile; fileRef = 8FB4642F242F97E900C1FE8A /* ServiceHelpers.swift */; };
		D834904725BCD20500E13A9F /* Alamofire in Frameworks */ = {isa = PBXBuildFile; productRef = D834904625BCD20500E13A9F /* Alamofire */; };
		D83490C025BCD47D00E13A9F /* SharedTestHelpers.swift in Sources */ = {isa = PBXBuildFile; fileRef = 8FE5A7382544608D00D1B71A /* SharedTestHelpers.swift */; };
		D83490C725BCD48100E13A9F /* TrackMemoryLeaks.swift in Sources */ = {isa = PBXBuildFile; fileRef = 8FD7ECBF247DB90D00DAD0C8 /* TrackMemoryLeaks.swift */; };
		D83490F325BCD6CD00E13A9F /* HTTPClientSpy.swift in Sources */ = {isa = PBXBuildFile; fileRef = D83490F225BCD6CD00E13A9F /* HTTPClientSpy.swift */; };
		D834910825BCD85D00E13A9F /* AccessibilitySnapshot in Frameworks */ = {isa = PBXBuildFile; productRef = D834910725BCD85D00E13A9F /* AccessibilitySnapshot */; };
		D834912F25BE00F100E13A9F /* ViewControllerPresentationSpy.framework in Frameworks */ = {isa = PBXBuildFile; fileRef = D834912E25BE00F100E13A9F /* ViewControllerPresentationSpy.framework */; platformFilter = ios; settings = {ATTRIBUTES = (Required, ); }; };
		D834913D25BE01AC00E13A9F /* ViewControllerPresentationSpy.framework in CopyFiles */ = {isa = PBXBuildFile; fileRef = D834912E25BE00F100E13A9F /* ViewControllerPresentationSpy.framework */; platformFilter = ios; settings = {ATTRIBUTES = (CodeSignOnCopy, RemoveHeadersOnCopy, ); }; };
		D834915125BE04FB00E13A9F /* WidgetKit.framework in Frameworks */ = {isa = PBXBuildFile; fileRef = D834915025BE04FB00E13A9F /* WidgetKit.framework */; };
		D834915325BE04FB00E13A9F /* SwiftUI.framework in Frameworks */ = {isa = PBXBuildFile; fileRef = D834915225BE04FB00E13A9F /* SwiftUI.framework */; };
		D834915625BE04FB00E13A9F /* PokeWidget.swift in Sources */ = {isa = PBXBuildFile; fileRef = D834915525BE04FB00E13A9F /* PokeWidget.swift */; };
		D834915825BE04FB00E13A9F /* Assets.xcassets in Resources */ = {isa = PBXBuildFile; fileRef = D834915725BE04FB00E13A9F /* Assets.xcassets */; };
		D834915C25BE04FB00E13A9F /* PokeWidgetExtension.appex in Embed App Extensions */ = {isa = PBXBuildFile; fileRef = D834914E25BE04FB00E13A9F /* PokeWidgetExtension.appex */; settings = {ATTRIBUTES = (RemoveHeadersOnCopy, ); }; };
		D835FEF225CB3C4A0051AD6A /* RemoteImageDataLoader.swift in Sources */ = {isa = PBXBuildFile; fileRef = D835FEF125CB3C4A0051AD6A /* RemoteImageDataLoader.swift */; };
		D835FEFD25CB3CA80051AD6A /* DataMapper.swift in Sources */ = {isa = PBXBuildFile; fileRef = D835FEFC25CB3CA80051AD6A /* DataMapper.swift */; };
		D835FF0825CB42840051AD6A /* RemoteChosenPokemonLoaderEndToEndTests.swift in Sources */ = {isa = PBXBuildFile; fileRef = D835FF0725CB42840051AD6A /* RemoteChosenPokemonLoaderEndToEndTests.swift */; };
		D835FF2725CB44210051AD6A /* IDProviderStub.swift in Sources */ = {isa = PBXBuildFile; fileRef = D835FF1325CB43CE0051AD6A /* IDProviderStub.swift */; };
		D837B823257D71A400E9A2A2 /* ResourceListUIComposer.swift in Sources */ = {isa = PBXBuildFile; fileRef = D837B822257D71A400E9A2A2 /* ResourceListUIComposer.swift */; };
		D837B82B257D72BC00E9A2A2 /* RemoteListLoaderSpy.swift in Sources */ = {isa = PBXBuildFile; fileRef = D837B82A257D72BC00E9A2A2 /* RemoteListLoaderSpy.swift */; };
		D83D67F6257EA42C0017F31C /* PokemonViewControllerTests.swift in Sources */ = {isa = PBXBuildFile; fileRef = D83D67F5257EA42C0017F31C /* PokemonViewControllerTests.swift */; };
		D83D67FB257EA9BA0017F31C /* RemotePokemonLoaderSpy.swift in Sources */ = {isa = PBXBuildFile; fileRef = D83D67FA257EA9BA0017F31C /* RemotePokemonLoaderSpy.swift */; };
		D83D6806257EC1CE0017F31C /* PokemonViewController+TestHelpers.swift in Sources */ = {isa = PBXBuildFile; fileRef = D83D6805257EC1CE0017F31C /* PokemonViewController+TestHelpers.swift */; };
		D83D680B257ECC4A0017F31C /* PokemonItem+TestHelpers.swift in Sources */ = {isa = PBXBuildFile; fileRef = D83D680A257ECC4A0017F31C /* PokemonItem+TestHelpers.swift */; };
		D83D6810257ED0150017F31C /* PokemonUIComposer.swift in Sources */ = {isa = PBXBuildFile; fileRef = D83D680F257ED0150017F31C /* PokemonUIComposer.swift */; };
		D869D0F125BA1D55001CEF99 /* RGB+Extension.swift in Sources */ = {isa = PBXBuildFile; fileRef = D869D0F025BA1D55001CEF99 /* RGB+Extension.swift */; };
		D869D10425BA202A001CEF99 /* PokemonDomain.framework in Frameworks */ = {isa = PBXBuildFile; fileRef = D869D0FB25BA202A001CEF99 /* PokemonDomain.framework */; };
		D869D12A25BA211D001CEF99 /* PokemonDomain.framework in Frameworks */ = {isa = PBXBuildFile; fileRef = D869D0FB25BA202A001CEF99 /* PokemonDomain.framework */; };
		D869D15B25BA2503001CEF99 /* ListItem.swift in Sources */ = {isa = PBXBuildFile; fileRef = 8F3E966C242C03DA00DCD62D /* ListItem.swift */; };
		D869D16825BA2508001CEF99 /* PokemonItem.swift in Sources */ = {isa = PBXBuildFile; fileRef = 8F3E966E242C045600DCD62D /* PokemonItem.swift */; };
		D869D17525BA250C001CEF99 /* PokeType.swift in Sources */ = {isa = PBXBuildFile; fileRef = 8F7B0A0E24311FA4003377F0 /* PokeType.swift */; };
		D873AC3E25AB575F0083E73E /* NavigationController.swift in Sources */ = {isa = PBXBuildFile; fileRef = D873AC3D25AB575F0083E73E /* NavigationController.swift */; };
		D873AC4425AB679C0083E73E /* UIImage+TestHelpers.swift in Sources */ = {isa = PBXBuildFile; fileRef = D873AC4325AB679C0083E73E /* UIImage+TestHelpers.swift */; };
		D873AC4925AB67C40083E73E /* UIImage+TestHelpers.swift in Sources */ = {isa = PBXBuildFile; fileRef = D873AC4325AB679C0083E73E /* UIImage+TestHelpers.swift */; };
		D884AAF025D5D5AE003D1E68 /* Composition+Helpers.swift in Sources */ = {isa = PBXBuildFile; fileRef = D884AAEF25D5D5AE003D1E68 /* Composition+Helpers.swift */; };
		D8AB3FFB2582C9FD006AC67B /* PokedexSnapshotTests.swift in Sources */ = {isa = PBXBuildFile; fileRef = D8AB3FFA2582C9FD006AC67B /* PokedexSnapshotTests.swift */; };
		D8AB401C2582D13D006AC67B /* __Snapshots__ in Resources */ = {isa = PBXBuildFile; fileRef = D8AB401B2582D13D006AC67B /* __Snapshots__ */; };
		D8E9172525CEFF9300461920 /* Constants.swift in Sources */ = {isa = PBXBuildFile; fileRef = D8E916FE25CEFF6A00461920 /* Constants.swift */; };
		D8E9173925CF04E700461920 /* RandomIDProvider.swift in Sources */ = {isa = PBXBuildFile; fileRef = D8A0816B25C7155500A1CE30 /* RandomIDProvider.swift */; };
		D8E9174C25CF04EC00461920 /* RemoteChosenPokemonLoader.swift in Sources */ = {isa = PBXBuildFile; fileRef = D8A0819325C71C5000A1CE30 /* RemoteChosenPokemonLoader.swift */; };
		D8E9175F25CF04F000461920 /* ChosenPokemon.swift in Sources */ = {isa = PBXBuildFile; fileRef = D8A081B325C7236000A1CE30 /* ChosenPokemon.swift */; };
		D8E9177225CF04F400461920 /* IDProvider.swift in Sources */ = {isa = PBXBuildFile; fileRef = D8A081BE25C723D700A1CE30 /* IDProvider.swift */; };
		D8E9178F25CF052A00461920 /* IDProviderStub.swift in Sources */ = {isa = PBXBuildFile; fileRef = D835FF1325CB43CE0051AD6A /* IDProviderStub.swift */; };
		D8E917A225CF052F00461920 /* RandomIDProviderTests.swift in Sources */ = {isa = PBXBuildFile; fileRef = D8A0817625C7156300A1CE30 /* RandomIDProviderTests.swift */; };
		D8E917B525CF053400461920 /* RemoteChosenPokemonLoaderTests.swift in Sources */ = {isa = PBXBuildFile; fileRef = D8A0819E25C71C5E00A1CE30 /* RemoteChosenPokemonLoaderTests.swift */; };
		D8E917C825CF05D200461920 /* RemoteListLoaderSpy.swift in Sources */ = {isa = PBXBuildFile; fileRef = D837B82A257D72BC00E9A2A2 /* RemoteListLoaderSpy.swift */; };
		D8E917DB25CF05E000461920 /* RemotePokemonLoaderSpy.swift in Sources */ = {isa = PBXBuildFile; fileRef = D83D67FA257EA9BA0017F31C /* RemotePokemonLoaderSpy.swift */; };
		D8E9180225CF120D00461920 /* ChosenPokemon+Helper.swift in Sources */ = {isa = PBXBuildFile; fileRef = D8E917EE25CF11FC00461920 /* ChosenPokemon+Helper.swift */; };
		D8E9182025CF125F00461920 /* RemoteChosenPokemonLoader+Helper.swift in Sources */ = {isa = PBXBuildFile; fileRef = D8E9180C25CF124E00461920 /* RemoteChosenPokemonLoader+Helper.swift */; };
		D8E9182B25CF12A500461920 /* PokemonEntry.swift in Sources */ = {isa = PBXBuildFile; fileRef = D8E9182A25CF12A500461920 /* PokemonEntry.swift */; };
		D8E9183625CF12D100461920 /* PokeWidgetEntryView.swift in Sources */ = {isa = PBXBuildFile; fileRef = D8E9183525CF12D100461920 /* PokeWidgetEntryView.swift */; };
		D8E9186E25CF1DDA00461920 /* AppDelegateTests.swift in Sources */ = {isa = PBXBuildFile; fileRef = D8E9186D25CF1DDA00461920 /* AppDelegateTests.swift */; };
		D8E9188C25CF231900461920 /* HTTPClientStub.swift in Sources */ = {isa = PBXBuildFile; fileRef = D8E9188B25CF231900461920 /* HTTPClientStub.swift */; };
		D8E9189425CF233F00461920 /* HTTPClientStub.swift in Sources */ = {isa = PBXBuildFile; fileRef = D8E9188B25CF231900461920 /* HTTPClientStub.swift */; };
		D8E9189625CF235100461920 /* Data+Helpers.swift in Sources */ = {isa = PBXBuildFile; fileRef = D8E9189525CF235100461920 /* Data+Helpers.swift */; };
		D8E918A525CF236700461920 /* Data+Helpers.swift in Sources */ = {isa = PBXBuildFile; fileRef = D8E9189525CF235100461920 /* Data+Helpers.swift */; };
		D8E918AE25CF459C00461920 /* ResourceListCollectionViewController+TestHelpers.swift in Sources */ = {isa = PBXBuildFile; fileRef = D8E918AD25CF459C00461920 /* ResourceListCollectionViewController+TestHelpers.swift */; };
		D8E918B725CF45C200461920 /* ListCell+TestHelpers.swift in Sources */ = {isa = PBXBuildFile; fileRef = D8E918B625CF45C200461920 /* ListCell+TestHelpers.swift */; };
		D8E918C025CF45DA00461920 /* UIRefreshControl+TestHelpers.swift in Sources */ = {isa = PBXBuildFile; fileRef = D8E918BF25CF45DA00461920 /* UIRefreshControl+TestHelpers.swift */; };
		D8E93425259D25E9009AB1C3 /* PageViewController.swift in Sources */ = {isa = PBXBuildFile; fileRef = D8E93424259D25E9009AB1C3 /* PageViewController.swift */; };
		D8E9342B259D260F009AB1C3 /* PageViewControllerTests.swift in Sources */ = {isa = PBXBuildFile; fileRef = D8E9342A259D260F009AB1C3 /* PageViewControllerTests.swift */; };
		D8E93432259D3331009AB1C3 /* CachedImageViewTests.swift in Sources */ = {isa = PBXBuildFile; fileRef = D8E93431259D3331009AB1C3 /* CachedImageViewTests.swift */; };
		D8F6AE3A259F51C8009AE563 /* ImageMapper.swift in Sources */ = {isa = PBXBuildFile; fileRef = D8F6AE39259F51C8009AE563 /* ImageMapper.swift */; };
		D8F6AE40259F52C6009AE563 /* ImageMapperTests.swift in Sources */ = {isa = PBXBuildFile; fileRef = D8F6AE3F259F52C6009AE563 /* ImageMapperTests.swift */; };
		D8F6AE46259F53E2009AE563 /* RemoteImageLoader.swift in Sources */ = {isa = PBXBuildFile; fileRef = D8F6AE45259F53E2009AE563 /* RemoteImageLoader.swift */; };
		D8F6AE4C259F7962009AE563 /* PokemonImageViewController.swift in Sources */ = {isa = PBXBuildFile; fileRef = D8F6AE4B259F7962009AE563 /* PokemonImageViewController.swift */; };
		D8F6AE5C259F9BB5009AE563 /* RemoteImageLoaderSpy.swift in Sources */ = {isa = PBXBuildFile; fileRef = D8F6AE5B259F9BB5009AE563 /* RemoteImageLoaderSpy.swift */; };
/* End PBXBuildFile section */

/* Begin PBXContainerItemProxy section */
		8F3E965D242BF6F200DCD62D /* PBXContainerItemProxy */ = {
			isa = PBXContainerItemProxy;
			containerPortal = 8F3E963E242BF6ED00DCD62D /* Project object */;
			proxyType = 1;
			remoteGlobalIDString = 8F3E9645242BF6ED00DCD62D;
			remoteInfo = Pokedex;
		};
		8F7B09E32430A54A003377F0 /* PBXContainerItemProxy */ = {
			isa = PBXContainerItemProxy;
			containerPortal = 8F3E963E242BF6ED00DCD62D /* Project object */;
			proxyType = 1;
			remoteGlobalIDString = 8F3E9645242BF6ED00DCD62D;
			remoteInfo = Pokedex;
		};
		D834915A25BE04FB00E13A9F /* PBXContainerItemProxy */ = {
			isa = PBXContainerItemProxy;
			containerPortal = 8F3E963E242BF6ED00DCD62D /* Project object */;
			proxyType = 1;
			remoteGlobalIDString = D834914D25BE04FB00E13A9F;
			remoteInfo = PokeWidgetExtension;
		};
		D869D10525BA202A001CEF99 /* PBXContainerItemProxy */ = {
			isa = PBXContainerItemProxy;
			containerPortal = 8F3E963E242BF6ED00DCD62D /* Project object */;
			proxyType = 1;
			remoteGlobalIDString = D869D0FA25BA202A001CEF99;
			remoteInfo = PokemonDomain;
		};
		D869D12C25BA211D001CEF99 /* PBXContainerItemProxy */ = {
			isa = PBXContainerItemProxy;
			containerPortal = 8F3E963E242BF6ED00DCD62D /* Project object */;
			proxyType = 1;
			remoteGlobalIDString = D869D0FA25BA202A001CEF99;
			remoteInfo = PokemonDomain;
		};
		D8AB3FFD2582C9FD006AC67B /* PBXContainerItemProxy */ = {
			isa = PBXContainerItemProxy;
			containerPortal = 8F3E963E242BF6ED00DCD62D /* Project object */;
			proxyType = 1;
			remoteGlobalIDString = 8F3E9645242BF6ED00DCD62D;
			remoteInfo = Pokedex;
		};
		D8E9185D25CF196100461920 /* PBXContainerItemProxy */ = {
			isa = PBXContainerItemProxy;
			containerPortal = 8F3E963E242BF6ED00DCD62D /* Project object */;
			proxyType = 1;
			remoteGlobalIDString = D869D0FA25BA202A001CEF99;
			remoteInfo = PokemonDomain;
		};
/* End PBXContainerItemProxy section */

/* Begin PBXCopyFilesBuildPhase section */
		D834913C25BE019B00E13A9F /* CopyFiles */ = {
			isa = PBXCopyFilesBuildPhase;
			buildActionMask = 2147483647;
			dstPath = "";
			dstSubfolderSpec = 16;
			files = (
				D834913D25BE01AC00E13A9F /* ViewControllerPresentationSpy.framework in CopyFiles */,
			);
			runOnlyForDeploymentPostprocessing = 0;
		};
		D834916025BE04FB00E13A9F /* Embed App Extensions */ = {
			isa = PBXCopyFilesBuildPhase;
			buildActionMask = 2147483647;
			dstPath = "";
			dstSubfolderSpec = 13;
			files = (
				D834915C25BE04FB00E13A9F /* PokeWidgetExtension.appex in Embed App Extensions */,
			);
			name = "Embed App Extensions";
			runOnlyForDeploymentPostprocessing = 0;
		};
/* End PBXCopyFilesBuildPhase section */

/* Begin PBXFileReference section */
		8F1304762549FF0A003F3FBC /* RefreshViewController.swift */ = {isa = PBXFileReference; lastKnownFileType = sourcecode.swift; path = RefreshViewController.swift; sourceTree = "<group>"; };
		8F13047B254A0202003F3FBC /* ResourceListCellController.swift */ = {isa = PBXFileReference; lastKnownFileType = sourcecode.swift; path = ResourceListCellController.swift; sourceTree = "<group>"; };
		8F3E9646242BF6ED00DCD62D /* Pokedex.app */ = {isa = PBXFileReference; explicitFileType = wrapper.application; includeInIndex = 0; path = Pokedex.app; sourceTree = BUILT_PRODUCTS_DIR; };
		8F3E9649242BF6ED00DCD62D /* AppDelegate.swift */ = {isa = PBXFileReference; lastKnownFileType = sourcecode.swift; path = AppDelegate.swift; sourceTree = "<group>"; };
		8F3E964D242BF6ED00DCD62D /* ResourceListCollectionViewController.swift */ = {isa = PBXFileReference; lastKnownFileType = sourcecode.swift; path = ResourceListCollectionViewController.swift; sourceTree = "<group>"; };
		8F3E9652242BF6F100DCD62D /* Assets.xcassets */ = {isa = PBXFileReference; lastKnownFileType = folder.assetcatalog; path = Assets.xcassets; sourceTree = "<group>"; };
		8F3E9655242BF6F100DCD62D /* Base */ = {isa = PBXFileReference; lastKnownFileType = file.storyboard; name = Base; path = Base.lproj/LaunchScreen.storyboard; sourceTree = "<group>"; };
		8F3E9657242BF6F200DCD62D /* Info.plist */ = {isa = PBXFileReference; lastKnownFileType = text.plist.xml; path = Info.plist; sourceTree = "<group>"; };
		8F3E965C242BF6F200DCD62D /* PokedexTests.xctest */ = {isa = PBXFileReference; explicitFileType = wrapper.cfbundle; includeInIndex = 0; path = PokedexTests.xctest; sourceTree = BUILT_PRODUCTS_DIR; };
		8F3E9662242BF6F200DCD62D /* Info.plist */ = {isa = PBXFileReference; lastKnownFileType = text.plist.xml; path = Info.plist; sourceTree = "<group>"; };
		8F3E966C242C03DA00DCD62D /* ListItem.swift */ = {isa = PBXFileReference; lastKnownFileType = sourcecode.swift; path = ListItem.swift; sourceTree = "<group>"; };
		8F3E966E242C045600DCD62D /* PokemonItem.swift */ = {isa = PBXFileReference; lastKnownFileType = sourcecode.swift; path = PokemonItem.swift; sourceTree = "<group>"; };
		8F3E9673242C06BF00DCD62D /* HTTPClient.swift */ = {isa = PBXFileReference; lastKnownFileType = sourcecode.swift; path = HTTPClient.swift; sourceTree = "<group>"; };
		8F7B09DE2430A54A003377F0 /* PokedexEndToEndTests.xctest */ = {isa = PBXFileReference; explicitFileType = wrapper.cfbundle; includeInIndex = 0; path = PokedexEndToEndTests.xctest; sourceTree = BUILT_PRODUCTS_DIR; };
		8F7B09E22430A54A003377F0 /* Info.plist */ = {isa = PBXFileReference; lastKnownFileType = text.plist.xml; path = Info.plist; sourceTree = "<group>"; };
		8F7B09E82430A56C003377F0 /* RemoteLoaderEndToEndTests.swift */ = {isa = PBXFileReference; lastKnownFileType = sourcecode.swift; path = RemoteLoaderEndToEndTests.swift; sourceTree = "<group>"; };
		8F7B09EA2430B425003377F0 /* ResourceListCollectionViewControllerTests.swift */ = {isa = PBXFileReference; lastKnownFileType = sourcecode.swift; path = ResourceListCollectionViewControllerTests.swift; sourceTree = "<group>"; };
		8F7B09EE2430BA54003377F0 /* Extensions.swift */ = {isa = PBXFileReference; lastKnownFileType = sourcecode.swift; path = Extensions.swift; sourceTree = "<group>"; };
		8F7B09F02430C04A003377F0 /* Constants.swift */ = {isa = PBXFileReference; lastKnownFileType = sourcecode.swift; path = Constants.swift; sourceTree = "<group>"; };
		8F7B09F22430C978003377F0 /* ListCell.swift */ = {isa = PBXFileReference; lastKnownFileType = sourcecode.swift; path = ListCell.swift; sourceTree = "<group>"; };
		8F7B09F72430CB62003377F0 /* ListViewModel.swift */ = {isa = PBXFileReference; lastKnownFileType = sourcecode.swift; path = ListViewModel.swift; sourceTree = "<group>"; };
		8F7B09FC24310107003377F0 /* PokemonViewController.swift */ = {isa = PBXFileReference; lastKnownFileType = sourcecode.swift; path = PokemonViewController.swift; sourceTree = "<group>"; };
		8F7B09FE2431039C003377F0 /* PokemonViewModel.swift */ = {isa = PBXFileReference; lastKnownFileType = sourcecode.swift; path = PokemonViewModel.swift; sourceTree = "<group>"; };
		8F7B0A042431073F003377F0 /* BaseCell.swift */ = {isa = PBXFileReference; lastKnownFileType = sourcecode.swift; path = BaseCell.swift; sourceTree = "<group>"; };
		8F7B0A0A24310CDC003377F0 /* CachedImageView.swift */ = {isa = PBXFileReference; lastKnownFileType = sourcecode.swift; path = CachedImageView.swift; sourceTree = "<group>"; };
		8F7B0A0E24311FA4003377F0 /* PokeType.swift */ = {isa = PBXFileReference; lastKnownFileType = sourcecode.swift; path = PokeType.swift; sourceTree = "<group>"; };
		8F7B0A1024313EAF003377F0 /* PokemonMainView.swift */ = {isa = PBXFileReference; lastKnownFileType = sourcecode.swift; path = PokemonMainView.swift; sourceTree = "<group>"; };
		8F7B0A12243142AB003377F0 /* PokemonInfoView.swift */ = {isa = PBXFileReference; lastKnownFileType = sourcecode.swift; path = PokemonInfoView.swift; sourceTree = "<group>"; };
		8F7B0A1424314414003377F0 /* UIViewController+Alert.swift */ = {isa = PBXFileReference; lastKnownFileType = sourcecode.swift; path = "UIViewController+Alert.swift"; sourceTree = "<group>"; };
		8FAD8C9525498E9700C2C78F /* ResourceMapper.swift */ = {isa = PBXFileReference; lastKnownFileType = sourcecode.swift; path = ResourceMapper.swift; sourceTree = "<group>"; };
		8FB4642A242F96B400C1FE8A /* HTTPClientSpy.swift */ = {isa = PBXFileReference; lastKnownFileType = sourcecode.swift; path = HTTPClientSpy.swift; sourceTree = "<group>"; };
		8FB4642F242F97E900C1FE8A /* ServiceHelpers.swift */ = {isa = PBXFileReference; lastKnownFileType = sourcecode.swift; path = ServiceHelpers.swift; sourceTree = "<group>"; };
		8FD7ECBF247DB90D00DAD0C8 /* TrackMemoryLeaks.swift */ = {isa = PBXFileReference; lastKnownFileType = sourcecode.swift; path = TrackMemoryLeaks.swift; sourceTree = "<group>"; };
		8FE2C912242D4F2F00CDAD9F /* AFHTTPClient.swift */ = {isa = PBXFileReference; lastKnownFileType = sourcecode.swift; path = AFHTTPClient.swift; sourceTree = "<group>"; };
		8FE2C914242D4F6600CDAD9F /* RemoteLoader.swift */ = {isa = PBXFileReference; lastKnownFileType = sourcecode.swift; path = RemoteLoader.swift; sourceTree = "<group>"; };
		8FE5A72E2543662A00D1B71A /* HTTPURLResponse+StatusCode.swift */ = {isa = PBXFileReference; lastKnownFileType = sourcecode.swift; path = "HTTPURLResponse+StatusCode.swift"; sourceTree = "<group>"; };
		8FE5A7332543676000D1B71A /* RemoteLoaderTests.swift */ = {isa = PBXFileReference; lastKnownFileType = sourcecode.swift; path = RemoteLoaderTests.swift; sourceTree = "<group>"; };
		8FE5A7382544608D00D1B71A /* SharedTestHelpers.swift */ = {isa = PBXFileReference; lastKnownFileType = sourcecode.swift; path = SharedTestHelpers.swift; sourceTree = "<group>"; };
		8FE5A73D254462C100D1B71A /* ListItemMapperTests.swift */ = {isa = PBXFileReference; lastKnownFileType = sourcecode.swift; path = ListItemMapperTests.swift; sourceTree = "<group>"; };
		8FE5A7422544766E00D1B71A /* PokemonItemMapperTests.swift */ = {isa = PBXFileReference; lastKnownFileType = sourcecode.swift; path = PokemonItemMapperTests.swift; sourceTree = "<group>"; };
		8FE5A74D25458EC900D1B71A /* ListItemMapper.swift */ = {isa = PBXFileReference; lastKnownFileType = sourcecode.swift; path = ListItemMapper.swift; sourceTree = "<group>"; };
		8FE5A75225458EE500D1B71A /* PokemonItemMapper.swift */ = {isa = PBXFileReference; lastKnownFileType = sourcecode.swift; path = PokemonItemMapper.swift; sourceTree = "<group>"; };
		8FE5A75A25458F3300D1B71A /* RemotePokemonLoader.swift */ = {isa = PBXFileReference; lastKnownFileType = sourcecode.swift; path = RemotePokemonLoader.swift; sourceTree = "<group>"; };
		8FE5A75F25458FBF00D1B71A /* RemoteListLoader.swift */ = {isa = PBXFileReference; lastKnownFileType = sourcecode.swift; path = RemoteListLoader.swift; sourceTree = "<group>"; };
		8FE5A7642545A84E00D1B71A /* AFHTTPClientTests.swift */ = {isa = PBXFileReference; lastKnownFileType = sourcecode.swift; path = AFHTTPClientTests.swift; sourceTree = "<group>"; };
		D83490F225BCD6CD00E13A9F /* HTTPClientSpy.swift */ = {isa = PBXFileReference; lastKnownFileType = sourcecode.swift; path = HTTPClientSpy.swift; sourceTree = "<group>"; };
		D834912E25BE00F100E13A9F /* ViewControllerPresentationSpy.framework */ = {isa = PBXFileReference; lastKnownFileType = wrapper.framework; path = ViewControllerPresentationSpy.framework; sourceTree = "<group>"; };
		D834914E25BE04FB00E13A9F /* PokeWidgetExtension.appex */ = {isa = PBXFileReference; explicitFileType = "wrapper.app-extension"; includeInIndex = 0; path = PokeWidgetExtension.appex; sourceTree = BUILT_PRODUCTS_DIR; };
		D834915025BE04FB00E13A9F /* WidgetKit.framework */ = {isa = PBXFileReference; lastKnownFileType = wrapper.framework; name = WidgetKit.framework; path = System/Library/Frameworks/WidgetKit.framework; sourceTree = SDKROOT; };
		D834915225BE04FB00E13A9F /* SwiftUI.framework */ = {isa = PBXFileReference; lastKnownFileType = wrapper.framework; name = SwiftUI.framework; path = System/Library/Frameworks/SwiftUI.framework; sourceTree = SDKROOT; };
		D834915525BE04FB00E13A9F /* PokeWidget.swift */ = {isa = PBXFileReference; lastKnownFileType = sourcecode.swift; path = PokeWidget.swift; sourceTree = "<group>"; };
		D834915725BE04FB00E13A9F /* Assets.xcassets */ = {isa = PBXFileReference; lastKnownFileType = folder.assetcatalog; path = Assets.xcassets; sourceTree = "<group>"; };
		D834915925BE04FB00E13A9F /* Info.plist */ = {isa = PBXFileReference; lastKnownFileType = text.plist.xml; path = Info.plist; sourceTree = "<group>"; };
		D835FEF125CB3C4A0051AD6A /* RemoteImageDataLoader.swift */ = {isa = PBXFileReference; lastKnownFileType = sourcecode.swift; path = RemoteImageDataLoader.swift; sourceTree = "<group>"; };
		D835FEFC25CB3CA80051AD6A /* DataMapper.swift */ = {isa = PBXFileReference; lastKnownFileType = sourcecode.swift; path = DataMapper.swift; sourceTree = "<group>"; };
		D835FF0725CB42840051AD6A /* RemoteChosenPokemonLoaderEndToEndTests.swift */ = {isa = PBXFileReference; lastKnownFileType = sourcecode.swift; path = RemoteChosenPokemonLoaderEndToEndTests.swift; sourceTree = "<group>"; };
		D835FF1325CB43CE0051AD6A /* IDProviderStub.swift */ = {isa = PBXFileReference; lastKnownFileType = sourcecode.swift; path = IDProviderStub.swift; sourceTree = "<group>"; };
		D837B822257D71A400E9A2A2 /* ResourceListUIComposer.swift */ = {isa = PBXFileReference; lastKnownFileType = sourcecode.swift; path = ResourceListUIComposer.swift; sourceTree = "<group>"; };
		D837B82A257D72BC00E9A2A2 /* RemoteListLoaderSpy.swift */ = {isa = PBXFileReference; lastKnownFileType = sourcecode.swift; path = RemoteListLoaderSpy.swift; sourceTree = "<group>"; };
		D83D67F5257EA42C0017F31C /* PokemonViewControllerTests.swift */ = {isa = PBXFileReference; lastKnownFileType = sourcecode.swift; path = PokemonViewControllerTests.swift; sourceTree = "<group>"; };
		D83D67FA257EA9BA0017F31C /* RemotePokemonLoaderSpy.swift */ = {isa = PBXFileReference; lastKnownFileType = sourcecode.swift; path = RemotePokemonLoaderSpy.swift; sourceTree = "<group>"; };
		D83D6805257EC1CE0017F31C /* PokemonViewController+TestHelpers.swift */ = {isa = PBXFileReference; lastKnownFileType = sourcecode.swift; path = "PokemonViewController+TestHelpers.swift"; sourceTree = "<group>"; };
		D83D680A257ECC4A0017F31C /* PokemonItem+TestHelpers.swift */ = {isa = PBXFileReference; lastKnownFileType = sourcecode.swift; path = "PokemonItem+TestHelpers.swift"; sourceTree = "<group>"; };
		D83D680F257ED0150017F31C /* PokemonUIComposer.swift */ = {isa = PBXFileReference; lastKnownFileType = sourcecode.swift; path = PokemonUIComposer.swift; sourceTree = "<group>"; };
		D869D0F025BA1D55001CEF99 /* RGB+Extension.swift */ = {isa = PBXFileReference; lastKnownFileType = sourcecode.swift; path = "RGB+Extension.swift"; sourceTree = "<group>"; };
		D869D0FB25BA202A001CEF99 /* PokemonDomain.framework */ = {isa = PBXFileReference; explicitFileType = wrapper.framework; includeInIndex = 0; path = PokemonDomain.framework; sourceTree = BUILT_PRODUCTS_DIR; };
		D869D0FE25BA202A001CEF99 /* Info.plist */ = {isa = PBXFileReference; lastKnownFileType = text.plist.xml; path = Info.plist; sourceTree = "<group>"; };
		D869D10325BA202A001CEF99 /* PokemonDomainTests.xctest */ = {isa = PBXFileReference; explicitFileType = wrapper.cfbundle; includeInIndex = 0; path = PokemonDomainTests.xctest; sourceTree = BUILT_PRODUCTS_DIR; };
		D869D10A25BA202A001CEF99 /* Info.plist */ = {isa = PBXFileReference; lastKnownFileType = text.plist.xml; path = Info.plist; sourceTree = "<group>"; };
		D873AC3D25AB575F0083E73E /* NavigationController.swift */ = {isa = PBXFileReference; lastKnownFileType = sourcecode.swift; path = NavigationController.swift; sourceTree = "<group>"; };
		D873AC4325AB679C0083E73E /* UIImage+TestHelpers.swift */ = {isa = PBXFileReference; lastKnownFileType = sourcecode.swift; path = "UIImage+TestHelpers.swift"; sourceTree = "<group>"; };
		D873AC5B25AB7B9C0083E73E /* HTTPClientMainQueueDecorator.swift */ = {isa = PBXFileReference; lastKnownFileType = sourcecode.swift; path = HTTPClientMainQueueDecorator.swift; sourceTree = "<group>"; };
		D884AAEF25D5D5AE003D1E68 /* Composition+Helpers.swift */ = {isa = PBXFileReference; lastKnownFileType = sourcecode.swift; path = "Composition+Helpers.swift"; sourceTree = "<group>"; };
		D8A0816B25C7155500A1CE30 /* RandomIDProvider.swift */ = {isa = PBXFileReference; lastKnownFileType = sourcecode.swift; path = RandomIDProvider.swift; sourceTree = "<group>"; };
		D8A0817625C7156300A1CE30 /* RandomIDProviderTests.swift */ = {isa = PBXFileReference; lastKnownFileType = sourcecode.swift; path = RandomIDProviderTests.swift; sourceTree = "<group>"; };
		D8A0819325C71C5000A1CE30 /* RemoteChosenPokemonLoader.swift */ = {isa = PBXFileReference; lastKnownFileType = sourcecode.swift; path = RemoteChosenPokemonLoader.swift; sourceTree = "<group>"; };
		D8A0819E25C71C5E00A1CE30 /* RemoteChosenPokemonLoaderTests.swift */ = {isa = PBXFileReference; lastKnownFileType = sourcecode.swift; path = RemoteChosenPokemonLoaderTests.swift; sourceTree = "<group>"; };
		D8A081B325C7236000A1CE30 /* ChosenPokemon.swift */ = {isa = PBXFileReference; lastKnownFileType = sourcecode.swift; path = ChosenPokemon.swift; sourceTree = "<group>"; };
		D8A081BE25C723D700A1CE30 /* IDProvider.swift */ = {isa = PBXFileReference; lastKnownFileType = sourcecode.swift; path = IDProvider.swift; sourceTree = "<group>"; };
		D8AB3FF82582C9FD006AC67B /* PokedexSnapshotTests.xctest */ = {isa = PBXFileReference; explicitFileType = wrapper.cfbundle; includeInIndex = 0; path = PokedexSnapshotTests.xctest; sourceTree = BUILT_PRODUCTS_DIR; };
		D8AB3FFA2582C9FD006AC67B /* PokedexSnapshotTests.swift */ = {isa = PBXFileReference; lastKnownFileType = sourcecode.swift; path = PokedexSnapshotTests.swift; sourceTree = "<group>"; };
		D8AB3FFC2582C9FD006AC67B /* Info.plist */ = {isa = PBXFileReference; lastKnownFileType = text.plist.xml; path = Info.plist; sourceTree = "<group>"; };
		D8AB401B2582D13D006AC67B /* __Snapshots__ */ = {isa = PBXFileReference; lastKnownFileType = folder; path = __Snapshots__; sourceTree = "<group>"; };
		D8E916FE25CEFF6A00461920 /* Constants.swift */ = {isa = PBXFileReference; lastKnownFileType = sourcecode.swift; path = Constants.swift; sourceTree = "<group>"; };
		D8E917EE25CF11FC00461920 /* ChosenPokemon+Helper.swift */ = {isa = PBXFileReference; lastKnownFileType = sourcecode.swift; path = "ChosenPokemon+Helper.swift"; sourceTree = "<group>"; };
		D8E9180C25CF124E00461920 /* RemoteChosenPokemonLoader+Helper.swift */ = {isa = PBXFileReference; lastKnownFileType = sourcecode.swift; path = "RemoteChosenPokemonLoader+Helper.swift"; sourceTree = "<group>"; };
		D8E9182A25CF12A500461920 /* PokemonEntry.swift */ = {isa = PBXFileReference; lastKnownFileType = sourcecode.swift; path = PokemonEntry.swift; sourceTree = "<group>"; };
		D8E9183525CF12D100461920 /* PokeWidgetEntryView.swift */ = {isa = PBXFileReference; lastKnownFileType = sourcecode.swift; path = PokeWidgetEntryView.swift; sourceTree = "<group>"; };
		D8E9186D25CF1DDA00461920 /* AppDelegateTests.swift */ = {isa = PBXFileReference; lastKnownFileType = sourcecode.swift; path = AppDelegateTests.swift; sourceTree = "<group>"; };
		D8E9188B25CF231900461920 /* HTTPClientStub.swift */ = {isa = PBXFileReference; lastKnownFileType = sourcecode.swift; path = HTTPClientStub.swift; sourceTree = "<group>"; };
		D8E9189525CF235100461920 /* Data+Helpers.swift */ = {isa = PBXFileReference; lastKnownFileType = sourcecode.swift; path = "Data+Helpers.swift"; sourceTree = "<group>"; };
		D8E918AD25CF459C00461920 /* ResourceListCollectionViewController+TestHelpers.swift */ = {isa = PBXFileReference; lastKnownFileType = sourcecode.swift; path = "ResourceListCollectionViewController+TestHelpers.swift"; sourceTree = "<group>"; };
		D8E918B625CF45C200461920 /* ListCell+TestHelpers.swift */ = {isa = PBXFileReference; lastKnownFileType = sourcecode.swift; path = "ListCell+TestHelpers.swift"; sourceTree = "<group>"; };
		D8E918BF25CF45DA00461920 /* UIRefreshControl+TestHelpers.swift */ = {isa = PBXFileReference; lastKnownFileType = sourcecode.swift; path = "UIRefreshControl+TestHelpers.swift"; sourceTree = "<group>"; };
		D8E93424259D25E9009AB1C3 /* PageViewController.swift */ = {isa = PBXFileReference; lastKnownFileType = sourcecode.swift; path = PageViewController.swift; sourceTree = "<group>"; };
		D8E9342A259D260F009AB1C3 /* PageViewControllerTests.swift */ = {isa = PBXFileReference; lastKnownFileType = sourcecode.swift; path = PageViewControllerTests.swift; sourceTree = "<group>"; };
		D8E93431259D3331009AB1C3 /* CachedImageViewTests.swift */ = {isa = PBXFileReference; lastKnownFileType = sourcecode.swift; path = CachedImageViewTests.swift; sourceTree = "<group>"; };
		D8F6AE39259F51C8009AE563 /* ImageMapper.swift */ = {isa = PBXFileReference; lastKnownFileType = sourcecode.swift; path = ImageMapper.swift; sourceTree = "<group>"; };
		D8F6AE3F259F52C6009AE563 /* ImageMapperTests.swift */ = {isa = PBXFileReference; lastKnownFileType = sourcecode.swift; path = ImageMapperTests.swift; sourceTree = "<group>"; };
		D8F6AE45259F53E2009AE563 /* RemoteImageLoader.swift */ = {isa = PBXFileReference; lastKnownFileType = sourcecode.swift; path = RemoteImageLoader.swift; sourceTree = "<group>"; };
		D8F6AE4B259F7962009AE563 /* PokemonImageViewController.swift */ = {isa = PBXFileReference; lastKnownFileType = sourcecode.swift; path = PokemonImageViewController.swift; sourceTree = "<group>"; };
		D8F6AE5B259F9BB5009AE563 /* RemoteImageLoaderSpy.swift */ = {isa = PBXFileReference; lastKnownFileType = sourcecode.swift; path = RemoteImageLoaderSpy.swift; sourceTree = "<group>"; };
/* End PBXFileReference section */

/* Begin PBXFrameworksBuildPhase section */
		8F3E9643242BF6ED00DCD62D /* Frameworks */ = {
			isa = PBXFrameworksBuildPhase;
			buildActionMask = 2147483647;
			files = (
				D869D12A25BA211D001CEF99 /* PokemonDomain.framework in Frameworks */,
			);
			runOnlyForDeploymentPostprocessing = 0;
		};
		8F3E9659242BF6F200DCD62D /* Frameworks */ = {
			isa = PBXFrameworksBuildPhase;
			buildActionMask = 2147483647;
			files = (
				D834912F25BE00F100E13A9F /* ViewControllerPresentationSpy.framework in Frameworks */,
			);
			runOnlyForDeploymentPostprocessing = 0;
		};
		8F7B09DB2430A54A003377F0 /* Frameworks */ = {
			isa = PBXFrameworksBuildPhase;
			buildActionMask = 2147483647;
			files = (
			);
			runOnlyForDeploymentPostprocessing = 0;
		};
		D834914B25BE04FB00E13A9F /* Frameworks */ = {
			isa = PBXFrameworksBuildPhase;
			buildActionMask = 2147483647;
			files = (
				D834915325BE04FB00E13A9F /* SwiftUI.framework in Frameworks */,
				D834915125BE04FB00E13A9F /* WidgetKit.framework in Frameworks */,
			);
			runOnlyForDeploymentPostprocessing = 0;
		};
		D869D0F825BA202A001CEF99 /* Frameworks */ = {
			isa = PBXFrameworksBuildPhase;
			buildActionMask = 2147483647;
			files = (
				D834904725BCD20500E13A9F /* Alamofire in Frameworks */,
			);
			runOnlyForDeploymentPostprocessing = 0;
		};
		D869D10025BA202A001CEF99 /* Frameworks */ = {
			isa = PBXFrameworksBuildPhase;
			buildActionMask = 2147483647;
			files = (
				D869D10425BA202A001CEF99 /* PokemonDomain.framework in Frameworks */,
			);
			runOnlyForDeploymentPostprocessing = 0;
		};
		D8AB3FF52582C9FD006AC67B /* Frameworks */ = {
			isa = PBXFrameworksBuildPhase;
			buildActionMask = 2147483647;
			files = (
				D834910825BCD85D00E13A9F /* AccessibilitySnapshot in Frameworks */,
			);
			runOnlyForDeploymentPostprocessing = 0;
		};
/* End PBXFrameworksBuildPhase section */

/* Begin PBXGroup section */
		8F3E963D242BF6ED00DCD62D = {
			isa = PBXGroup;
			children = (
				D834912E25BE00F100E13A9F /* ViewControllerPresentationSpy.framework */,
				8F3E9648242BF6ED00DCD62D /* Pokedex */,
				8F3E965F242BF6F200DCD62D /* PokedexTests */,
				8F7B09DF2430A54A003377F0 /* PokedexEndToEndTests */,
				D8AB3FF92582C9FD006AC67B /* PokedexSnapshotTests */,
				D869D0FC25BA202A001CEF99 /* PokemonDomain */,
				D869D10725BA202A001CEF99 /* PokemonDomainTests */,
				D834915425BE04FB00E13A9F /* PokeWidget */,
				D834914F25BE04FB00E13A9F /* Frameworks */,
				8F3E9647242BF6ED00DCD62D /* Products */,
			);
			sourceTree = "<group>";
		};
		8F3E9647242BF6ED00DCD62D /* Products */ = {
			isa = PBXGroup;
			children = (
				8F3E9646242BF6ED00DCD62D /* Pokedex.app */,
				8F3E965C242BF6F200DCD62D /* PokedexTests.xctest */,
				8F7B09DE2430A54A003377F0 /* PokedexEndToEndTests.xctest */,
				D8AB3FF82582C9FD006AC67B /* PokedexSnapshotTests.xctest */,
				D869D0FB25BA202A001CEF99 /* PokemonDomain.framework */,
				D869D10325BA202A001CEF99 /* PokemonDomainTests.xctest */,
				D834914E25BE04FB00E13A9F /* PokeWidgetExtension.appex */,
			);
			name = Products;
			sourceTree = "<group>";
		};
		8F3E9648242BF6ED00DCD62D /* Pokedex */ = {
			isa = PBXGroup;
			children = (
				8F3E9670242C053400DCD62D /* Image Service */,
				8F7B09F52430C9D7003377F0 /* View */,
				8F7B09F92430F4F4003377F0 /* View Model */,
				8F7B09F42430C9CD003377F0 /* Controller */,
				D837B821257D719000E9A2A2 /* Composer */,
				8F7B09F62430C9E2003377F0 /* Helper */,
				8F3E9649242BF6ED00DCD62D /* AppDelegate.swift */,
				8F3E9652242BF6F100DCD62D /* Assets.xcassets */,
				8F3E9657242BF6F200DCD62D /* Info.plist */,
				8F3E9654242BF6F100DCD62D /* LaunchScreen.storyboard */,
			);
			path = Pokedex;
			sourceTree = "<group>";
		};
		8F3E965F242BF6F200DCD62D /* PokedexTests */ = {
			isa = PBXGroup;
			children = (
				8F3E9662242BF6F200DCD62D /* Info.plist */,
				8FB4642E242F975800C1FE8A /* Service */,
				D8E93430259D3312009AB1C3 /* View */,
				D8E9343B259D3356009AB1C3 /* Controller */,
				8FE5A7692545B30D00D1B71A /* Helpers */,
				D8E9186D25CF1DDA00461920 /* AppDelegateTests.swift */,
			);
			path = PokedexTests;
			sourceTree = "<group>";
		};
		8F3E9670242C053400DCD62D /* Image Service */ = {
			isa = PBXGroup;
			children = (
				D8F6AE39259F51C8009AE563 /* ImageMapper.swift */,
				D8F6AE45259F53E2009AE563 /* RemoteImageLoader.swift */,
			);
			path = "Image Service";
			sourceTree = "<group>";
		};
		8F7B09DF2430A54A003377F0 /* PokedexEndToEndTests */ = {
			isa = PBXGroup;
			children = (
				8F7B09E22430A54A003377F0 /* Info.plist */,
				8F7B09E82430A56C003377F0 /* RemoteLoaderEndToEndTests.swift */,
				D835FF0725CB42840051AD6A /* RemoteChosenPokemonLoaderEndToEndTests.swift */,
			);
			path = PokedexEndToEndTests;
			sourceTree = "<group>";
		};
		8F7B09F42430C9CD003377F0 /* Controller */ = {
			isa = PBXGroup;
			children = (
				8F3E964D242BF6ED00DCD62D /* ResourceListCollectionViewController.swift */,
				8F7B09FC24310107003377F0 /* PokemonViewController.swift */,
				8F1304762549FF0A003F3FBC /* RefreshViewController.swift */,
				8F13047B254A0202003F3FBC /* ResourceListCellController.swift */,
				D8E93424259D25E9009AB1C3 /* PageViewController.swift */,
				D8F6AE4B259F7962009AE563 /* PokemonImageViewController.swift */,
				D873AC3D25AB575F0083E73E /* NavigationController.swift */,
			);
			path = Controller;
			sourceTree = "<group>";
		};
		8F7B09F52430C9D7003377F0 /* View */ = {
			isa = PBXGroup;
			children = (
				8F7B0A0A24310CDC003377F0 /* CachedImageView.swift */,
				8F7B09F22430C978003377F0 /* ListCell.swift */,
				8F7B0A042431073F003377F0 /* BaseCell.swift */,
				8F7B0A1024313EAF003377F0 /* PokemonMainView.swift */,
				8F7B0A12243142AB003377F0 /* PokemonInfoView.swift */,
			);
			path = View;
			sourceTree = "<group>";
		};
		8F7B09F62430C9E2003377F0 /* Helper */ = {
			isa = PBXGroup;
			children = (
				8F7B09EE2430BA54003377F0 /* Extensions.swift */,
				8F7B09F02430C04A003377F0 /* Constants.swift */,
				8F7B0A1424314414003377F0 /* UIViewController+Alert.swift */,
				D869D0F025BA1D55001CEF99 /* RGB+Extension.swift */,
			);
			path = Helper;
			sourceTree = "<group>";
		};
		8F7B09F92430F4F4003377F0 /* View Model */ = {
			isa = PBXGroup;
			children = (
				8F7B09F72430CB62003377F0 /* ListViewModel.swift */,
				8F7B09FE2431039C003377F0 /* PokemonViewModel.swift */,
			);
			path = "View Model";
			sourceTree = "<group>";
		};
		8FB4642E242F975800C1FE8A /* Service */ = {
			isa = PBXGroup;
			children = (
				D8F6AE3F259F52C6009AE563 /* ImageMapperTests.swift */,
				D83490F225BCD6CD00E13A9F /* HTTPClientSpy.swift */,
			);
			path = Service;
			sourceTree = "<group>";
		};
		8FE5A7692545B30D00D1B71A /* Helpers */ = {
			isa = PBXGroup;
			children = (
				8FD7ECBF247DB90D00DAD0C8 /* TrackMemoryLeaks.swift */,
				8FE5A7382544608D00D1B71A /* SharedTestHelpers.swift */,
				D873AC4325AB679C0083E73E /* UIImage+TestHelpers.swift */,
			);
			path = Helpers;
			sourceTree = "<group>";
		};
		D8348E8325BC793E00E13A9F /* Client */ = {
			isa = PBXGroup;
			children = (
				8F3E9673242C06BF00DCD62D /* HTTPClient.swift */,
				8FE2C912242D4F2F00CDAD9F /* AFHTTPClient.swift */,
				D873AC5B25AB7B9C0083E73E /* HTTPClientMainQueueDecorator.swift */,
				8FE5A72E2543662A00D1B71A /* HTTPURLResponse+StatusCode.swift */,
			);
			path = Client;
			sourceTree = "<group>";
		};
		D8348E8425BC794300E13A9F /* Loader */ = {
			isa = PBXGroup;
			children = (
				8FE2C914242D4F6600CDAD9F /* RemoteLoader.swift */,
				8FE5A75A25458F3300D1B71A /* RemotePokemonLoader.swift */,
				8FE5A75F25458FBF00D1B71A /* RemoteListLoader.swift */,
				D835FEF125CB3C4A0051AD6A /* RemoteImageDataLoader.swift */,
			);
			path = Loader;
			sourceTree = "<group>";
		};
		D8348EE025BC79C200E13A9F /* Mapper */ = {
			isa = PBXGroup;
			children = (
				8FAD8C9525498E9700C2C78F /* ResourceMapper.swift */,
				8FE5A74D25458EC900D1B71A /* ListItemMapper.swift */,
				8FE5A75225458EE500D1B71A /* PokemonItemMapper.swift */,
				D835FEFC25CB3CA80051AD6A /* DataMapper.swift */,
			);
			path = Mapper;
			sourceTree = "<group>";
		};
		D8348F1E25BC7A9600E13A9F /* Client */ = {
			isa = PBXGroup;
			children = (
				8FE5A7642545A84E00D1B71A /* AFHTTPClientTests.swift */,
			);
			path = Client;
			sourceTree = "<group>";
		};
		D8348F1F25BC7A9C00E13A9F /* Loader */ = {
			isa = PBXGroup;
			children = (
				8FE5A7332543676000D1B71A /* RemoteLoaderTests.swift */,
			);
			path = Loader;
			sourceTree = "<group>";
		};
		D8348F2025BC7AA100E13A9F /* Mapper */ = {
			isa = PBXGroup;
			children = (
				8FE5A73D254462C100D1B71A /* ListItemMapperTests.swift */,
				8FE5A7422544766E00D1B71A /* PokemonItemMapperTests.swift */,
			);
			path = Mapper;
			sourceTree = "<group>";
		};
		D8348F6725BC7B4200E13A9F /* Helpers */ = {
			isa = PBXGroup;
			children = (
				8FB4642A242F96B400C1FE8A /* HTTPClientSpy.swift */,
				8FB4642F242F97E900C1FE8A /* ServiceHelpers.swift */,
			);
			path = Helpers;
			sourceTree = "<group>";
		};
		D834914F25BE04FB00E13A9F /* Frameworks */ = {
			isa = PBXGroup;
			children = (
				D834915025BE04FB00E13A9F /* WidgetKit.framework */,
				D834915225BE04FB00E13A9F /* SwiftUI.framework */,
			);
			name = Frameworks;
			sourceTree = "<group>";
		};
		D834915425BE04FB00E13A9F /* PokeWidget */ = {
			isa = PBXGroup;
			children = (
				D834915525BE04FB00E13A9F /* PokeWidget.swift */,
				D834915725BE04FB00E13A9F /* Assets.xcassets */,
				D834915925BE04FB00E13A9F /* Info.plist */,
				D8E916FE25CEFF6A00461920 /* Constants.swift */,
				D8E917EE25CF11FC00461920 /* ChosenPokemon+Helper.swift */,
				D8E9180C25CF124E00461920 /* RemoteChosenPokemonLoader+Helper.swift */,
				D8E9182A25CF12A500461920 /* PokemonEntry.swift */,
				D8E9183525CF12D100461920 /* PokeWidgetEntryView.swift */,
			);
			path = PokeWidget;
			sourceTree = "<group>";
		};
		D835FF1225CB43BF0051AD6A /* Helpers */ = {
			isa = PBXGroup;
			children = (
				D835FF1325CB43CE0051AD6A /* IDProviderStub.swift */,
			);
			path = Helpers;
			sourceTree = "<group>";
		};
		D837B821257D719000E9A2A2 /* Composer */ = {
			isa = PBXGroup;
			children = (
				D837B822257D71A400E9A2A2 /* ResourceListUIComposer.swift */,
				D83D680F257ED0150017F31C /* PokemonUIComposer.swift */,
			);
			path = Composer;
			sourceTree = "<group>";
		};
		D869D0FC25BA202A001CEF99 /* PokemonDomain */ = {
			isa = PBXGroup;
			children = (
				D8E9177C25CF050500461920 /* Widget Engine */,
				D8348E8325BC793E00E13A9F /* Client */,
				D8348E8425BC794300E13A9F /* Loader */,
				D869D14825BA2173001CEF99 /* Model */,
				D8348EE025BC79C200E13A9F /* Mapper */,
				D869D0FE25BA202A001CEF99 /* Info.plist */,
			);
			path = PokemonDomain;
			sourceTree = "<group>";
		};
		D869D10725BA202A001CEF99 /* PokemonDomainTests */ = {
			isa = PBXGroup;
			children = (
				D8E9172F25CF04C800461920 /* Widget Engine */,
				D8348F1E25BC7A9600E13A9F /* Client */,
				D8348F1F25BC7A9C00E13A9F /* Loader */,
				D8348F2025BC7AA100E13A9F /* Mapper */,
				D8348F6725BC7B4200E13A9F /* Helpers */,
				D869D10A25BA202A001CEF99 /* Info.plist */,
			);
			path = PokemonDomainTests;
			sourceTree = "<group>";
		};
		D869D14825BA2173001CEF99 /* Model */ = {
			isa = PBXGroup;
			children = (
				8F3E966C242C03DA00DCD62D /* ListItem.swift */,
				8F3E966E242C045600DCD62D /* PokemonItem.swift */,
				8F7B0A0E24311FA4003377F0 /* PokeType.swift */,
			);
			path = Model;
			sourceTree = "<group>";
		};
		D8AB3FF92582C9FD006AC67B /* PokedexSnapshotTests */ = {
			isa = PBXGroup;
			children = (
				D8AB401B2582D13D006AC67B /* __Snapshots__ */,
				D8AB3FFA2582C9FD006AC67B /* PokedexSnapshotTests.swift */,
				D8AB3FFC2582C9FD006AC67B /* Info.plist */,
				D8E9188B25CF231900461920 /* HTTPClientStub.swift */,
				D8E9189525CF235100461920 /* Data+Helpers.swift */,
			);
			path = PokedexSnapshotTests;
			sourceTree = "<group>";
		};
		D8E9172F25CF04C800461920 /* Widget Engine */ = {
			isa = PBXGroup;
			children = (
				D835FF1225CB43BF0051AD6A /* Helpers */,
				D8A0817625C7156300A1CE30 /* RandomIDProviderTests.swift */,
				D8A0819E25C71C5E00A1CE30 /* RemoteChosenPokemonLoaderTests.swift */,
			);
			path = "Widget Engine";
			sourceTree = "<group>";
		};
		D8E9177C25CF050500461920 /* Widget Engine */ = {
			isa = PBXGroup;
			children = (
				D8A0816B25C7155500A1CE30 /* RandomIDProvider.swift */,
				D8A0819325C71C5000A1CE30 /* RemoteChosenPokemonLoader.swift */,
				D8A081B325C7236000A1CE30 /* ChosenPokemon.swift */,
				D8A081BE25C723D700A1CE30 /* IDProvider.swift */,
				D884AAEF25D5D5AE003D1E68 /* Composition+Helpers.swift */,
			);
			path = "Widget Engine";
			sourceTree = "<group>";
		};
		D8E93430259D3312009AB1C3 /* View */ = {
			isa = PBXGroup;
			children = (
				D8E93431259D3331009AB1C3 /* CachedImageViewTests.swift */,
			);
			path = View;
			sourceTree = "<group>";
		};
		D8E9343B259D3356009AB1C3 /* Controller */ = {
			isa = PBXGroup;
			children = (
				D8E9343C259D3383009AB1C3 /* Helpers */,
				D83D67F5257EA42C0017F31C /* PokemonViewControllerTests.swift */,
				8F7B09EA2430B425003377F0 /* ResourceListCollectionViewControllerTests.swift */,
				D8E9342A259D260F009AB1C3 /* PageViewControllerTests.swift */,
			);
			path = Controller;
			sourceTree = "<group>";
		};
		D8E9343C259D3383009AB1C3 /* Helpers */ = {
			isa = PBXGroup;
			children = (
				D837B82A257D72BC00E9A2A2 /* RemoteListLoaderSpy.swift */,
				D83D67FA257EA9BA0017F31C /* RemotePokemonLoaderSpy.swift */,
				D83D680A257ECC4A0017F31C /* PokemonItem+TestHelpers.swift */,
				D83D6805257EC1CE0017F31C /* PokemonViewController+TestHelpers.swift */,
				D8F6AE5B259F9BB5009AE563 /* RemoteImageLoaderSpy.swift */,
				D8E918AD25CF459C00461920 /* ResourceListCollectionViewController+TestHelpers.swift */,
				D8E918B625CF45C200461920 /* ListCell+TestHelpers.swift */,
				D8E918BF25CF45DA00461920 /* UIRefreshControl+TestHelpers.swift */,
			);
			path = Helpers;
			sourceTree = "<group>";
		};
/* End PBXGroup section */

/* Begin PBXHeadersBuildPhase section */
		D869D0F625BA202A001CEF99 /* Headers */ = {
			isa = PBXHeadersBuildPhase;
			buildActionMask = 2147483647;
			files = (
			);
			runOnlyForDeploymentPostprocessing = 0;
		};
/* End PBXHeadersBuildPhase section */

/* Begin PBXNativeTarget section */
		8F3E9645242BF6ED00DCD62D /* Pokedex */ = {
			isa = PBXNativeTarget;
			buildConfigurationList = 8F3E9665242BF6F200DCD62D /* Build configuration list for PBXNativeTarget "Pokedex" */;
			buildPhases = (
				8F3E9644242BF6ED00DCD62D /* Resources */,
				8F3E9643242BF6ED00DCD62D /* Frameworks */,
				D834916025BE04FB00E13A9F /* Embed App Extensions */,
				8F3E9642242BF6ED00DCD62D /* Sources */,
			);
			buildRules = (
			);
			dependencies = (
				D869D12D25BA211D001CEF99 /* PBXTargetDependency */,
				D834915B25BE04FB00E13A9F /* PBXTargetDependency */,
			);
			name = Pokedex;
			productName = Pokedex;
			productReference = 8F3E9646242BF6ED00DCD62D /* Pokedex.app */;
			productType = "com.apple.product-type.application";
		};
		8F3E965B242BF6F200DCD62D /* PokedexTests */ = {
			isa = PBXNativeTarget;
			buildConfigurationList = 8F3E9668242BF6F200DCD62D /* Build configuration list for PBXNativeTarget "PokedexTests" */;
			buildPhases = (
				8F3E9659242BF6F200DCD62D /* Frameworks */,
				8F3E965A242BF6F200DCD62D /* Resources */,
				D834913C25BE019B00E13A9F /* CopyFiles */,
				8F3E9658242BF6F200DCD62D /* Sources */,
			);
			buildRules = (
			);
			dependencies = (
				8F3E965E242BF6F200DCD62D /* PBXTargetDependency */,
			);
			name = PokedexTests;
			productName = PokedexTests;
			productReference = 8F3E965C242BF6F200DCD62D /* PokedexTests.xctest */;
			productType = "com.apple.product-type.bundle.unit-test";
		};
		8F7B09DD2430A54A003377F0 /* PokedexEndToEndTests */ = {
			isa = PBXNativeTarget;
			buildConfigurationList = 8F7B09E52430A54A003377F0 /* Build configuration list for PBXNativeTarget "PokedexEndToEndTests" */;
			buildPhases = (
				8F7B09DA2430A54A003377F0 /* Sources */,
				8F7B09DB2430A54A003377F0 /* Frameworks */,
				8F7B09DC2430A54A003377F0 /* Resources */,
			);
			buildRules = (
			);
			dependencies = (
				8F7B09E42430A54A003377F0 /* PBXTargetDependency */,
			);
			name = PokedexEndToEndTests;
			productName = PokedexEndToEndTests;
			productReference = 8F7B09DE2430A54A003377F0 /* PokedexEndToEndTests.xctest */;
			productType = "com.apple.product-type.bundle.unit-test";
		};
		D834914D25BE04FB00E13A9F /* PokeWidgetExtension */ = {
			isa = PBXNativeTarget;
			buildConfigurationList = D834915D25BE04FB00E13A9F /* Build configuration list for PBXNativeTarget "PokeWidgetExtension" */;
			buildPhases = (
				D834914A25BE04FB00E13A9F /* Sources */,
				D834914B25BE04FB00E13A9F /* Frameworks */,
				D834914C25BE04FB00E13A9F /* Resources */,
			);
			buildRules = (
			);
			dependencies = (
				D8E9185E25CF196100461920 /* PBXTargetDependency */,
			);
			name = PokeWidgetExtension;
			productName = PokeWidgetExtension;
			productReference = D834914E25BE04FB00E13A9F /* PokeWidgetExtension.appex */;
			productType = "com.apple.product-type.app-extension";
		};
		D869D0FA25BA202A001CEF99 /* PokemonDomain */ = {
			isa = PBXNativeTarget;
			buildConfigurationList = D869D10C25BA202A001CEF99 /* Build configuration list for PBXNativeTarget "PokemonDomain" */;
			buildPhases = (
				D869D0F625BA202A001CEF99 /* Headers */,
				D869D0F725BA202A001CEF99 /* Sources */,
				D869D0F825BA202A001CEF99 /* Frameworks */,
				D869D0F925BA202A001CEF99 /* Resources */,
			);
			buildRules = (
			);
			dependencies = (
			);
			name = PokemonDomain;
			packageProductDependencies = (
				D834904625BCD20500E13A9F /* Alamofire */,
			);
			productName = PokemonDomain;
			productReference = D869D0FB25BA202A001CEF99 /* PokemonDomain.framework */;
			productType = "com.apple.product-type.framework";
		};
		D869D10225BA202A001CEF99 /* PokemonDomainTests */ = {
			isa = PBXNativeTarget;
			buildConfigurationList = D869D10F25BA202A001CEF99 /* Build configuration list for PBXNativeTarget "PokemonDomainTests" */;
			buildPhases = (
				D869D0FF25BA202A001CEF99 /* Sources */,
				D869D10025BA202A001CEF99 /* Frameworks */,
				D869D10125BA202A001CEF99 /* Resources */,
			);
			buildRules = (
			);
			dependencies = (
				D869D10625BA202A001CEF99 /* PBXTargetDependency */,
			);
			name = PokemonDomainTests;
			productName = PokemonDomainTests;
			productReference = D869D10325BA202A001CEF99 /* PokemonDomainTests.xctest */;
			productType = "com.apple.product-type.bundle.unit-test";
		};
		D8AB3FF72582C9FD006AC67B /* PokedexSnapshotTests */ = {
			isa = PBXNativeTarget;
			buildConfigurationList = D8AB40012582C9FD006AC67B /* Build configuration list for PBXNativeTarget "PokedexSnapshotTests" */;
			buildPhases = (
				D8AB3FF42582C9FD006AC67B /* Sources */,
				D8AB3FF52582C9FD006AC67B /* Frameworks */,
				D8AB3FF62582C9FD006AC67B /* Resources */,
			);
			buildRules = (
			);
			dependencies = (
				D8AB3FFE2582C9FD006AC67B /* PBXTargetDependency */,
			);
			name = PokedexSnapshotTests;
			packageProductDependencies = (
				D834910725BCD85D00E13A9F /* AccessibilitySnapshot */,
			);
			productName = PokedexSnapshotTests;
			productReference = D8AB3FF82582C9FD006AC67B /* PokedexSnapshotTests.xctest */;
			productType = "com.apple.product-type.bundle.unit-test";
		};
/* End PBXNativeTarget section */

/* Begin PBXProject section */
		8F3E963E242BF6ED00DCD62D /* Project object */ = {
			isa = PBXProject;
			attributes = {
				LastSwiftUpdateCheck = 1220;
				LastUpgradeCheck = 1200;
				ORGANIZATIONNAME = "Vinicius Moreira Leal";
				TargetAttributes = {
					8F3E9645242BF6ED00DCD62D = {
						CreatedOnToolsVersion = 11.3.1;
					};
					8F3E965B242BF6F200DCD62D = {
						CreatedOnToolsVersion = 11.3.1;
						LastSwiftMigration = 1130;
						TestTargetID = 8F3E9645242BF6ED00DCD62D;
					};
					8F7B09DD2430A54A003377F0 = {
						CreatedOnToolsVersion = 11.3.1;
						LastSwiftMigration = 1130;
						TestTargetID = 8F3E9645242BF6ED00DCD62D;
					};
					D834914D25BE04FB00E13A9F = {
						CreatedOnToolsVersion = 12.2;
					};
					D869D0FA25BA202A001CEF99 = {
						CreatedOnToolsVersion = 12.2;
						LastSwiftMigration = 1220;
					};
					D869D10225BA202A001CEF99 = {
						CreatedOnToolsVersion = 12.2;
					};
					D8AB3FF72582C9FD006AC67B = {
						CreatedOnToolsVersion = 12.2;
						TestTargetID = 8F3E9645242BF6ED00DCD62D;
					};
				};
			};
			buildConfigurationList = 8F3E9641242BF6ED00DCD62D /* Build configuration list for PBXProject "Pokedex" */;
			compatibilityVersion = "Xcode 9.3";
			developmentRegion = en;
			hasScannedForEncodings = 0;
			knownRegions = (
				en,
				Base,
			);
			mainGroup = 8F3E963D242BF6ED00DCD62D;
			packageReferences = (
				D834904525BCD20500E13A9F /* XCRemoteSwiftPackageReference "Alamofire" */,
				D834910625BCD85D00E13A9F /* XCRemoteSwiftPackageReference "AccessibilitySnapshot" */,
			);
			productRefGroup = 8F3E9647242BF6ED00DCD62D /* Products */;
			projectDirPath = "";
			projectRoot = "";
			targets = (
				8F3E9645242BF6ED00DCD62D /* Pokedex */,
				8F3E965B242BF6F200DCD62D /* PokedexTests */,
				8F7B09DD2430A54A003377F0 /* PokedexEndToEndTests */,
				D8AB3FF72582C9FD006AC67B /* PokedexSnapshotTests */,
				D869D0FA25BA202A001CEF99 /* PokemonDomain */,
				D869D10225BA202A001CEF99 /* PokemonDomainTests */,
				D834914D25BE04FB00E13A9F /* PokeWidgetExtension */,
			);
		};
/* End PBXProject section */

/* Begin PBXResourcesBuildPhase section */
		8F3E9644242BF6ED00DCD62D /* Resources */ = {
			isa = PBXResourcesBuildPhase;
			buildActionMask = 2147483647;
			files = (
				8F3E9656242BF6F100DCD62D /* LaunchScreen.storyboard in Resources */,
				8F3E9653242BF6F100DCD62D /* Assets.xcassets in Resources */,
			);
			runOnlyForDeploymentPostprocessing = 0;
		};
		8F3E965A242BF6F200DCD62D /* Resources */ = {
			isa = PBXResourcesBuildPhase;
			buildActionMask = 2147483647;
			files = (
			);
			runOnlyForDeploymentPostprocessing = 0;
		};
		8F7B09DC2430A54A003377F0 /* Resources */ = {
			isa = PBXResourcesBuildPhase;
			buildActionMask = 2147483647;
			files = (
			);
			runOnlyForDeploymentPostprocessing = 0;
		};
		D834914C25BE04FB00E13A9F /* Resources */ = {
			isa = PBXResourcesBuildPhase;
			buildActionMask = 2147483647;
			files = (
				D834915825BE04FB00E13A9F /* Assets.xcassets in Resources */,
			);
			runOnlyForDeploymentPostprocessing = 0;
		};
		D869D0F925BA202A001CEF99 /* Resources */ = {
			isa = PBXResourcesBuildPhase;
			buildActionMask = 2147483647;
			files = (
			);
			runOnlyForDeploymentPostprocessing = 0;
		};
		D869D10125BA202A001CEF99 /* Resources */ = {
			isa = PBXResourcesBuildPhase;
			buildActionMask = 2147483647;
			files = (
			);
			runOnlyForDeploymentPostprocessing = 0;
		};
		D8AB3FF62582C9FD006AC67B /* Resources */ = {
			isa = PBXResourcesBuildPhase;
			buildActionMask = 2147483647;
			files = (
				D8AB401C2582D13D006AC67B /* __Snapshots__ in Resources */,
			);
			runOnlyForDeploymentPostprocessing = 0;
		};
/* End PBXResourcesBuildPhase section */

/* Begin PBXSourcesBuildPhase section */
		8F3E9642242BF6ED00DCD62D /* Sources */ = {
			isa = PBXSourcesBuildPhase;
			buildActionMask = 2147483647;
			files = (
				D8F6AE46259F53E2009AE563 /* RemoteImageLoader.swift in Sources */,
				8F1304772549FF0A003F3FBC /* RefreshViewController.swift in Sources */,
				8F3E964E242BF6ED00DCD62D /* ResourceListCollectionViewController.swift in Sources */,
				D873AC3E25AB575F0083E73E /* NavigationController.swift in Sources */,
				8F7B09FD24310107003377F0 /* PokemonViewController.swift in Sources */,
				8F7B0A052431073F003377F0 /* BaseCell.swift in Sources */,
				8F7B0A0B24310CDC003377F0 /* CachedImageView.swift in Sources */,
				D869D0F125BA1D55001CEF99 /* RGB+Extension.swift in Sources */,
				8F7B0A13243142AB003377F0 /* PokemonInfoView.swift in Sources */,
				8F7B09F32430C978003377F0 /* ListCell.swift in Sources */,
				8F7B09EF2430BA54003377F0 /* Extensions.swift in Sources */,
				8F7B0A1524314414003377F0 /* UIViewController+Alert.swift in Sources */,
				8F13047C254A0202003F3FBC /* ResourceListCellController.swift in Sources */,
				8F7B0A1124313EAF003377F0 /* PokemonMainView.swift in Sources */,
				8F7B09FF2431039C003377F0 /* PokemonViewModel.swift in Sources */,
				D8F6AE4C259F7962009AE563 /* PokemonImageViewController.swift in Sources */,
				D8E93425259D25E9009AB1C3 /* PageViewController.swift in Sources */,
				D837B823257D71A400E9A2A2 /* ResourceListUIComposer.swift in Sources */,
				8F3E964A242BF6ED00DCD62D /* AppDelegate.swift in Sources */,
				D8F6AE3A259F51C8009AE563 /* ImageMapper.swift in Sources */,
				8F7B09F12430C04A003377F0 /* Constants.swift in Sources */,
				8F7B09F82430CB62003377F0 /* ListViewModel.swift in Sources */,
				D83D6810257ED0150017F31C /* PokemonUIComposer.swift in Sources */,
			);
			runOnlyForDeploymentPostprocessing = 0;
		};
		8F3E9658242BF6F200DCD62D /* Sources */ = {
			isa = PBXSourcesBuildPhase;
			buildActionMask = 2147483647;
			files = (
				D8E918AE25CF459C00461920 /* ResourceListCollectionViewController+TestHelpers.swift in Sources */,
				D8E918C025CF45DA00461920 /* UIRefreshControl+TestHelpers.swift in Sources */,
				D8E918B725CF45C200461920 /* ListCell+TestHelpers.swift in Sources */,
				8F7B09EB2430B425003377F0 /* ResourceListCollectionViewControllerTests.swift in Sources */,
				D8E9186E25CF1DDA00461920 /* AppDelegateTests.swift in Sources */,
				D873AC4425AB679C0083E73E /* UIImage+TestHelpers.swift in Sources */,
				D83D6806257EC1CE0017F31C /* PokemonViewController+TestHelpers.swift in Sources */,
				8FD7ECC0247DB90D00DAD0C8 /* TrackMemoryLeaks.swift in Sources */,
				D83D680B257ECC4A0017F31C /* PokemonItem+TestHelpers.swift in Sources */,
				D83490F325BCD6CD00E13A9F /* HTTPClientSpy.swift in Sources */,
				D8E918A525CF236700461920 /* Data+Helpers.swift in Sources */,
				D83D67FB257EA9BA0017F31C /* RemotePokemonLoaderSpy.swift in Sources */,
				D8F6AE40259F52C6009AE563 /* ImageMapperTests.swift in Sources */,
				D8F6AE5C259F9BB5009AE563 /* RemoteImageLoaderSpy.swift in Sources */,
				D8E9342B259D260F009AB1C3 /* PageViewControllerTests.swift in Sources */,
				8FE5A7392544608D00D1B71A /* SharedTestHelpers.swift in Sources */,
				D8E9189425CF233F00461920 /* HTTPClientStub.swift in Sources */,
				D83D67F6257EA42C0017F31C /* PokemonViewControllerTests.swift in Sources */,
				D837B82B257D72BC00E9A2A2 /* RemoteListLoaderSpy.swift in Sources */,
				D8E93432259D3331009AB1C3 /* CachedImageViewTests.swift in Sources */,
			);
			runOnlyForDeploymentPostprocessing = 0;
		};
		8F7B09DA2430A54A003377F0 /* Sources */ = {
			isa = PBXSourcesBuildPhase;
			buildActionMask = 2147483647;
			files = (
				8F7B09E92430A56C003377F0 /* RemoteLoaderEndToEndTests.swift in Sources */,
				D835FF2725CB44210051AD6A /* IDProviderStub.swift in Sources */,
				8FE5A76D2545B37500D1B71A /* TrackMemoryLeaks.swift in Sources */,
				D835FF0825CB42840051AD6A /* RemoteChosenPokemonLoaderEndToEndTests.swift in Sources */,
			);
			runOnlyForDeploymentPostprocessing = 0;
		};
		D834914A25BE04FB00E13A9F /* Sources */ = {
			isa = PBXSourcesBuildPhase;
			buildActionMask = 2147483647;
			files = (
				D8E9182025CF125F00461920 /* RemoteChosenPokemonLoader+Helper.swift in Sources */,
				D834915625BE04FB00E13A9F /* PokeWidget.swift in Sources */,
				D8E9180225CF120D00461920 /* ChosenPokemon+Helper.swift in Sources */,
				D8E9182B25CF12A500461920 /* PokemonEntry.swift in Sources */,
				D8E9183625CF12D100461920 /* PokeWidgetEntryView.swift in Sources */,
				D8E9172525CEFF9300461920 /* Constants.swift in Sources */,
			);
			runOnlyForDeploymentPostprocessing = 0;
		};
		D869D0F725BA202A001CEF99 /* Sources */ = {
			isa = PBXSourcesBuildPhase;
			buildActionMask = 2147483647;
			files = (
				D8348EBF25BC797C00E13A9F /* RemoteLoader.swift in Sources */,
				D8E9175F25CF04F000461920 /* ChosenPokemon.swift in Sources */,
				D884AAF025D5D5AE003D1E68 /* Composition+Helpers.swift in Sources */,
				D835FEFD25CB3CA80051AD6A /* DataMapper.swift in Sources */,
				D869D16825BA2508001CEF99 /* PokemonItem.swift in Sources */,
				D835FEF225CB3C4A0051AD6A /* RemoteImageDataLoader.swift in Sources */,
				D8348ED925BC798500E13A9F /* RemoteListLoader.swift in Sources */,
				D8E9177225CF04F400461920 /* IDProvider.swift in Sources */,
				D8348EA525BC796700E13A9F /* HTTPClientMainQueueDecorator.swift in Sources */,
				D8348EB225BC796B00E13A9F /* HTTPURLResponse+StatusCode.swift in Sources */,
				D8348E9225BC796100E13A9F /* AFHTTPClient.swift in Sources */,
				D8E9174C25CF04EC00461920 /* RemoteChosenPokemonLoader.swift in Sources */,
				D869D17525BA250C001CEF99 /* PokeType.swift in Sources */,
				D8348EF425BC79DF00E13A9F /* ListItemMapper.swift in Sources */,
				D8E9173925CF04E700461920 /* RandomIDProvider.swift in Sources */,
				D8348E8B25BC795D00E13A9F /* HTTPClient.swift in Sources */,
				D869D15B25BA2503001CEF99 /* ListItem.swift in Sources */,
				D8348F0125BC79E600E13A9F /* PokemonItemMapper.swift in Sources */,
				D8348EE725BC79D800E13A9F /* ResourceMapper.swift in Sources */,
				D8348ECC25BC798000E13A9F /* RemotePokemonLoader.swift in Sources */,
			);
			runOnlyForDeploymentPostprocessing = 0;
		};
		D869D0FF25BA202A001CEF99 /* Sources */ = {
			isa = PBXSourcesBuildPhase;
			buildActionMask = 2147483647;
			files = (
				D8E917A225CF052F00461920 /* RandomIDProviderTests.swift in Sources */,
				D8348F2D25BC7AD900E13A9F /* RemoteLoaderTests.swift in Sources */,
				D8E9178F25CF052A00461920 /* IDProviderStub.swift in Sources */,
				D8348F3425BC7AE500E13A9F /* AFHTTPClientTests.swift in Sources */,
				D83490C025BCD47D00E13A9F /* SharedTestHelpers.swift in Sources */,
				D8E917DB25CF05E000461920 /* RemotePokemonLoaderSpy.swift in Sources */,
				D8348F5325BC7B3A00E13A9F /* ListItemMapperTests.swift in Sources */,
				D8348F6025BC7B3E00E13A9F /* PokemonItemMapperTests.swift in Sources */,
				D8348F6E25BC7BBD00E13A9F /* HTTPClientSpy.swift in Sources */,
				D8E917B525CF053400461920 /* RemoteChosenPokemonLoaderTests.swift in Sources */,
				D8348F7B25BC7BC100E13A9F /* ServiceHelpers.swift in Sources */,
				D83490C725BCD48100E13A9F /* TrackMemoryLeaks.swift in Sources */,
				D8E917C825CF05D200461920 /* RemoteListLoaderSpy.swift in Sources */,
			);
			runOnlyForDeploymentPostprocessing = 0;
		};
		D8AB3FF42582C9FD006AC67B /* Sources */ = {
			isa = PBXSourcesBuildPhase;
			buildActionMask = 2147483647;
			files = (
				D8E9188C25CF231900461920 /* HTTPClientStub.swift in Sources */,
				D8E9189625CF235100461920 /* Data+Helpers.swift in Sources */,
				D8AB3FFB2582C9FD006AC67B /* PokedexSnapshotTests.swift in Sources */,
				D873AC4925AB67C40083E73E /* UIImage+TestHelpers.swift in Sources */,
			);
			runOnlyForDeploymentPostprocessing = 0;
		};
/* End PBXSourcesBuildPhase section */

/* Begin PBXTargetDependency section */
		8F3E965E242BF6F200DCD62D /* PBXTargetDependency */ = {
			isa = PBXTargetDependency;
			target = 8F3E9645242BF6ED00DCD62D /* Pokedex */;
			targetProxy = 8F3E965D242BF6F200DCD62D /* PBXContainerItemProxy */;
		};
		8F7B09E42430A54A003377F0 /* PBXTargetDependency */ = {
			isa = PBXTargetDependency;
			target = 8F3E9645242BF6ED00DCD62D /* Pokedex */;
			targetProxy = 8F7B09E32430A54A003377F0 /* PBXContainerItemProxy */;
		};
		D834915B25BE04FB00E13A9F /* PBXTargetDependency */ = {
			isa = PBXTargetDependency;
			target = D834914D25BE04FB00E13A9F /* PokeWidgetExtension */;
			targetProxy = D834915A25BE04FB00E13A9F /* PBXContainerItemProxy */;
		};
		D869D10625BA202A001CEF99 /* PBXTargetDependency */ = {
			isa = PBXTargetDependency;
			target = D869D0FA25BA202A001CEF99 /* PokemonDomain */;
			targetProxy = D869D10525BA202A001CEF99 /* PBXContainerItemProxy */;
		};
		D869D12D25BA211D001CEF99 /* PBXTargetDependency */ = {
			isa = PBXTargetDependency;
			target = D869D0FA25BA202A001CEF99 /* PokemonDomain */;
			targetProxy = D869D12C25BA211D001CEF99 /* PBXContainerItemProxy */;
		};
		D8AB3FFE2582C9FD006AC67B /* PBXTargetDependency */ = {
			isa = PBXTargetDependency;
			target = 8F3E9645242BF6ED00DCD62D /* Pokedex */;
			targetProxy = D8AB3FFD2582C9FD006AC67B /* PBXContainerItemProxy */;
		};
		D8E9185E25CF196100461920 /* PBXTargetDependency */ = {
			isa = PBXTargetDependency;
			target = D869D0FA25BA202A001CEF99 /* PokemonDomain */;
			targetProxy = D8E9185D25CF196100461920 /* PBXContainerItemProxy */;
		};
/* End PBXTargetDependency section */

/* Begin PBXVariantGroup section */
		8F3E9654242BF6F100DCD62D /* LaunchScreen.storyboard */ = {
			isa = PBXVariantGroup;
			children = (
				8F3E9655242BF6F100DCD62D /* Base */,
			);
			name = LaunchScreen.storyboard;
			sourceTree = "<group>";
		};
/* End PBXVariantGroup section */

/* Begin XCBuildConfiguration section */
		8F3E9663242BF6F200DCD62D /* Debug */ = {
			isa = XCBuildConfiguration;
			buildSettings = {
				ALWAYS_SEARCH_USER_PATHS = NO;
				CLANG_ANALYZER_NONNULL = YES;
				CLANG_ANALYZER_NUMBER_OBJECT_CONVERSION = YES_AGGRESSIVE;
				CLANG_CXX_LANGUAGE_STANDARD = "gnu++14";
				CLANG_CXX_LIBRARY = "libc++";
				CLANG_ENABLE_MODULES = YES;
				CLANG_ENABLE_OBJC_ARC = YES;
				CLANG_ENABLE_OBJC_WEAK = YES;
				CLANG_WARN_BLOCK_CAPTURE_AUTORELEASING = YES;
				CLANG_WARN_BOOL_CONVERSION = YES;
				CLANG_WARN_COMMA = YES;
				CLANG_WARN_CONSTANT_CONVERSION = YES;
				CLANG_WARN_DEPRECATED_OBJC_IMPLEMENTATIONS = YES;
				CLANG_WARN_DIRECT_OBJC_ISA_USAGE = YES_ERROR;
				CLANG_WARN_DOCUMENTATION_COMMENTS = YES;
				CLANG_WARN_EMPTY_BODY = YES;
				CLANG_WARN_ENUM_CONVERSION = YES;
				CLANG_WARN_INFINITE_RECURSION = YES;
				CLANG_WARN_INT_CONVERSION = YES;
				CLANG_WARN_NON_LITERAL_NULL_CONVERSION = YES;
				CLANG_WARN_OBJC_IMPLICIT_RETAIN_SELF = YES;
				CLANG_WARN_OBJC_LITERAL_CONVERSION = YES;
				CLANG_WARN_OBJC_ROOT_CLASS = YES_ERROR;
				CLANG_WARN_QUOTED_INCLUDE_IN_FRAMEWORK_HEADER = YES;
				CLANG_WARN_RANGE_LOOP_ANALYSIS = YES;
				CLANG_WARN_STRICT_PROTOTYPES = YES;
				CLANG_WARN_SUSPICIOUS_MOVE = YES;
				CLANG_WARN_UNGUARDED_AVAILABILITY = YES_AGGRESSIVE;
				CLANG_WARN_UNREACHABLE_CODE = YES;
				CLANG_WARN__DUPLICATE_METHOD_MATCH = YES;
				COPY_PHASE_STRIP = NO;
				DEBUG_INFORMATION_FORMAT = dwarf;
				ENABLE_STRICT_OBJC_MSGSEND = YES;
				ENABLE_TESTABILITY = YES;
				GCC_C_LANGUAGE_STANDARD = gnu11;
				GCC_DYNAMIC_NO_PIC = NO;
				GCC_NO_COMMON_BLOCKS = YES;
				GCC_OPTIMIZATION_LEVEL = 0;
				GCC_PREPROCESSOR_DEFINITIONS = (
					"DEBUG=1",
					"$(inherited)",
				);
				GCC_WARN_64_TO_32_BIT_CONVERSION = YES;
				GCC_WARN_ABOUT_RETURN_TYPE = YES_ERROR;
				GCC_WARN_UNDECLARED_SELECTOR = YES;
				GCC_WARN_UNINITIALIZED_AUTOS = YES_AGGRESSIVE;
				GCC_WARN_UNUSED_FUNCTION = YES;
				GCC_WARN_UNUSED_VARIABLE = YES;
				IPHONEOS_DEPLOYMENT_TARGET = 14.0;
				MTL_ENABLE_DEBUG_INFO = INCLUDE_SOURCE;
				MTL_FAST_MATH = YES;
				ONLY_ACTIVE_ARCH = YES;
				SDKROOT = iphoneos;
				SWIFT_ACTIVE_COMPILATION_CONDITIONS = DEBUG;
				SWIFT_OPTIMIZATION_LEVEL = "-Onone";
				SWIFT_VERSION = 5.0;
			};
			name = Debug;
		};
		8F3E9664242BF6F200DCD62D /* Release */ = {
			isa = XCBuildConfiguration;
			buildSettings = {
				ALWAYS_SEARCH_USER_PATHS = NO;
				CLANG_ANALYZER_NONNULL = YES;
				CLANG_ANALYZER_NUMBER_OBJECT_CONVERSION = YES_AGGRESSIVE;
				CLANG_CXX_LANGUAGE_STANDARD = "gnu++14";
				CLANG_CXX_LIBRARY = "libc++";
				CLANG_ENABLE_MODULES = YES;
				CLANG_ENABLE_OBJC_ARC = YES;
				CLANG_ENABLE_OBJC_WEAK = YES;
				CLANG_WARN_BLOCK_CAPTURE_AUTORELEASING = YES;
				CLANG_WARN_BOOL_CONVERSION = YES;
				CLANG_WARN_COMMA = YES;
				CLANG_WARN_CONSTANT_CONVERSION = YES;
				CLANG_WARN_DEPRECATED_OBJC_IMPLEMENTATIONS = YES;
				CLANG_WARN_DIRECT_OBJC_ISA_USAGE = YES_ERROR;
				CLANG_WARN_DOCUMENTATION_COMMENTS = YES;
				CLANG_WARN_EMPTY_BODY = YES;
				CLANG_WARN_ENUM_CONVERSION = YES;
				CLANG_WARN_INFINITE_RECURSION = YES;
				CLANG_WARN_INT_CONVERSION = YES;
				CLANG_WARN_NON_LITERAL_NULL_CONVERSION = YES;
				CLANG_WARN_OBJC_IMPLICIT_RETAIN_SELF = YES;
				CLANG_WARN_OBJC_LITERAL_CONVERSION = YES;
				CLANG_WARN_OBJC_ROOT_CLASS = YES_ERROR;
				CLANG_WARN_QUOTED_INCLUDE_IN_FRAMEWORK_HEADER = YES;
				CLANG_WARN_RANGE_LOOP_ANALYSIS = YES;
				CLANG_WARN_STRICT_PROTOTYPES = YES;
				CLANG_WARN_SUSPICIOUS_MOVE = YES;
				CLANG_WARN_UNGUARDED_AVAILABILITY = YES_AGGRESSIVE;
				CLANG_WARN_UNREACHABLE_CODE = YES;
				CLANG_WARN__DUPLICATE_METHOD_MATCH = YES;
				COPY_PHASE_STRIP = NO;
				DEBUG_INFORMATION_FORMAT = "dwarf-with-dsym";
				ENABLE_NS_ASSERTIONS = NO;
				ENABLE_STRICT_OBJC_MSGSEND = YES;
				GCC_C_LANGUAGE_STANDARD = gnu11;
				GCC_NO_COMMON_BLOCKS = YES;
				GCC_WARN_64_TO_32_BIT_CONVERSION = YES;
				GCC_WARN_ABOUT_RETURN_TYPE = YES_ERROR;
				GCC_WARN_UNDECLARED_SELECTOR = YES;
				GCC_WARN_UNINITIALIZED_AUTOS = YES_AGGRESSIVE;
				GCC_WARN_UNUSED_FUNCTION = YES;
				GCC_WARN_UNUSED_VARIABLE = YES;
				IPHONEOS_DEPLOYMENT_TARGET = 14.0;
				MTL_ENABLE_DEBUG_INFO = NO;
				MTL_FAST_MATH = YES;
				SDKROOT = iphoneos;
				SWIFT_COMPILATION_MODE = wholemodule;
				SWIFT_OPTIMIZATION_LEVEL = "-O";
				SWIFT_VERSION = 5.0;
				VALIDATE_PRODUCT = YES;
			};
			name = Release;
		};
		8F3E9666242BF6F200DCD62D /* Debug */ = {
			isa = XCBuildConfiguration;
			buildSettings = {
				ALWAYS_EMBED_SWIFT_STANDARD_LIBRARIES = YES;
				ASSETCATALOG_COMPILER_APPICON_NAME = AppIcon;
				CODE_SIGN_STYLE = Automatic;
				DEVELOPMENT_TEAM = 3SNY4A7B39;
				INFOPLIST_FILE = Pokedex/Info.plist;
				LD_RUNPATH_SEARCH_PATHS = (
					"$(inherited)",
					"@executable_path/Frameworks",
				);
				PRODUCT_BUNDLE_IDENTIFIER = com.viniciusLeal.Pokedex;
				PRODUCT_NAME = "$(TARGET_NAME)";
				SUPPORTED_PLATFORMS = "iphonesimulator iphoneos macosx";
				SWIFT_VERSION = 5.0;
				TARGETED_DEVICE_FAMILY = "1,2";
			};
			name = Debug;
		};
		8F3E9667242BF6F200DCD62D /* Release */ = {
			isa = XCBuildConfiguration;
			buildSettings = {
				ALWAYS_EMBED_SWIFT_STANDARD_LIBRARIES = YES;
				ASSETCATALOG_COMPILER_APPICON_NAME = AppIcon;
				CODE_SIGN_STYLE = Automatic;
				DEVELOPMENT_TEAM = 3SNY4A7B39;
				INFOPLIST_FILE = Pokedex/Info.plist;
				LD_RUNPATH_SEARCH_PATHS = (
					"$(inherited)",
					"@executable_path/Frameworks",
				);
				PRODUCT_BUNDLE_IDENTIFIER = com.viniciusLeal.Pokedex;
				PRODUCT_NAME = "$(TARGET_NAME)";
				SUPPORTED_PLATFORMS = "iphonesimulator iphoneos macosx";
				SWIFT_VERSION = 5.0;
				TARGETED_DEVICE_FAMILY = "1,2";
			};
			name = Release;
		};
		8F3E9669242BF6F200DCD62D /* Debug */ = {
			isa = XCBuildConfiguration;
			buildSettings = {
				ALWAYS_EMBED_SWIFT_STANDARD_LIBRARIES = YES;
				BUNDLE_LOADER = "$(TEST_HOST)";
				CLANG_ENABLE_MODULES = YES;
				CODE_SIGN_STYLE = Automatic;
				DEVELOPMENT_TEAM = 3SNY4A7B39;
				FRAMEWORK_SEARCH_PATHS = (
					"$(inherited)",
					"$(PROJECT_DIR)",
				);
				INFOPLIST_FILE = PokedexTests/Info.plist;
				IPHONEOS_DEPLOYMENT_TARGET = 14.0;
				LD_RUNPATH_SEARCH_PATHS = (
					"$(inherited)",
					"@executable_path/Frameworks",
					"@loader_path/Frameworks",
				);
				PRODUCT_BUNDLE_IDENTIFIER = com.viniciusLeal.PokedexTests;
				PRODUCT_NAME = "$(TARGET_NAME)";
				SUPPORTED_PLATFORMS = "iphonesimulator iphoneos macosx";
				SWIFT_OPTIMIZATION_LEVEL = "-Onone";
				SWIFT_VERSION = 5.0;
				TARGETED_DEVICE_FAMILY = "1,2";
				TEST_HOST = "$(BUILT_PRODUCTS_DIR)/Pokedex.app/Pokedex";
			};
			name = Debug;
		};
		8F3E966A242BF6F200DCD62D /* Release */ = {
			isa = XCBuildConfiguration;
			buildSettings = {
				ALWAYS_EMBED_SWIFT_STANDARD_LIBRARIES = YES;
				BUNDLE_LOADER = "$(TEST_HOST)";
				CLANG_ENABLE_MODULES = YES;
				CODE_SIGN_STYLE = Automatic;
				DEVELOPMENT_TEAM = 3SNY4A7B39;
				FRAMEWORK_SEARCH_PATHS = (
					"$(inherited)",
					"$(PROJECT_DIR)",
				);
				INFOPLIST_FILE = PokedexTests/Info.plist;
				IPHONEOS_DEPLOYMENT_TARGET = 14.0;
				LD_RUNPATH_SEARCH_PATHS = (
					"$(inherited)",
					"@executable_path/Frameworks",
					"@loader_path/Frameworks",
				);
				PRODUCT_BUNDLE_IDENTIFIER = com.viniciusLeal.PokedexTests;
				PRODUCT_NAME = "$(TARGET_NAME)";
				SUPPORTED_PLATFORMS = "iphonesimulator iphoneos macosx";
				SWIFT_VERSION = 5.0;
				TARGETED_DEVICE_FAMILY = "1,2";
				TEST_HOST = "$(BUILT_PRODUCTS_DIR)/Pokedex.app/Pokedex";
			};
			name = Release;
		};
		8F7B09E62430A54A003377F0 /* Debug */ = {
			isa = XCBuildConfiguration;
			buildSettings = {
				BUNDLE_LOADER = "$(TEST_HOST)";
				CLANG_ENABLE_MODULES = YES;
				CODE_SIGN_STYLE = Automatic;
				DEVELOPMENT_TEAM = 3SNY4A7B39;
				INFOPLIST_FILE = PokedexEndToEndTests/Info.plist;
				IPHONEOS_DEPLOYMENT_TARGET = 14.0;
				LD_RUNPATH_SEARCH_PATHS = (
					"$(inherited)",
					"@executable_path/Frameworks",
					"@loader_path/Frameworks",
				);
				PRODUCT_BUNDLE_IDENTIFIER = com.viniciusLeal.PokedexEndToEndTests;
				PRODUCT_NAME = "$(TARGET_NAME)";
				SUPPORTED_PLATFORMS = "iphonesimulator iphoneos macosx";
				SWIFT_OPTIMIZATION_LEVEL = "-Onone";
				SWIFT_VERSION = 5.0;
				TARGETED_DEVICE_FAMILY = "1,2";
				TEST_HOST = "$(BUILT_PRODUCTS_DIR)/Pokedex.app/Pokedex";
			};
			name = Debug;
		};
		8F7B09E72430A54A003377F0 /* Release */ = {
			isa = XCBuildConfiguration;
			buildSettings = {
				BUNDLE_LOADER = "$(TEST_HOST)";
				CLANG_ENABLE_MODULES = YES;
				CODE_SIGN_STYLE = Automatic;
				DEVELOPMENT_TEAM = 3SNY4A7B39;
				INFOPLIST_FILE = PokedexEndToEndTests/Info.plist;
				IPHONEOS_DEPLOYMENT_TARGET = 14.0;
				LD_RUNPATH_SEARCH_PATHS = (
					"$(inherited)",
					"@executable_path/Frameworks",
					"@loader_path/Frameworks",
				);
				PRODUCT_BUNDLE_IDENTIFIER = com.viniciusLeal.PokedexEndToEndTests;
				PRODUCT_NAME = "$(TARGET_NAME)";
				SUPPORTED_PLATFORMS = "iphonesimulator iphoneos macosx";
				SWIFT_VERSION = 5.0;
				TARGETED_DEVICE_FAMILY = "1,2";
				TEST_HOST = "$(BUILT_PRODUCTS_DIR)/Pokedex.app/Pokedex";
			};
			name = Release;
		};
		D834915E25BE04FB00E13A9F /* Debug */ = {
			isa = XCBuildConfiguration;
			buildSettings = {
				APPLICATION_EXTENSION_API_ONLY = NO;
				ASSETCATALOG_COMPILER_GLOBAL_ACCENT_COLOR_NAME = AccentColor;
				ASSETCATALOG_COMPILER_WIDGET_BACKGROUND_COLOR_NAME = WidgetBackground;
				CODE_SIGN_STYLE = Automatic;
				DEVELOPMENT_TEAM = 3SNY4A7B39;
				INFOPLIST_FILE = PokeWidget/Info.plist;
				IPHONEOS_DEPLOYMENT_TARGET = 14.2;
				LD_RUNPATH_SEARCH_PATHS = (
					"$(inherited)",
					"@executable_path/Frameworks",
					"@executable_path/../../Frameworks",
				);
				PRODUCT_BUNDLE_IDENTIFIER = com.viniciusLeal.Pokedex.PokeWidget;
				PRODUCT_NAME = "$(TARGET_NAME)";
				SKIP_INSTALL = YES;
				SWIFT_VERSION = 5.0;
				TARGETED_DEVICE_FAMILY = "1,2";
			};
			name = Debug;
		};
		D834915F25BE04FB00E13A9F /* Release */ = {
			isa = XCBuildConfiguration;
			buildSettings = {
				APPLICATION_EXTENSION_API_ONLY = NO;
				ASSETCATALOG_COMPILER_GLOBAL_ACCENT_COLOR_NAME = AccentColor;
				ASSETCATALOG_COMPILER_WIDGET_BACKGROUND_COLOR_NAME = WidgetBackground;
				CODE_SIGN_STYLE = Automatic;
				DEVELOPMENT_TEAM = 3SNY4A7B39;
				INFOPLIST_FILE = PokeWidget/Info.plist;
				IPHONEOS_DEPLOYMENT_TARGET = 14.2;
				LD_RUNPATH_SEARCH_PATHS = (
					"$(inherited)",
					"@executable_path/Frameworks",
					"@executable_path/../../Frameworks",
				);
				PRODUCT_BUNDLE_IDENTIFIER = com.viniciusLeal.Pokedex.PokeWidget;
				PRODUCT_NAME = "$(TARGET_NAME)";
				SKIP_INSTALL = YES;
				SWIFT_VERSION = 5.0;
				TARGETED_DEVICE_FAMILY = "1,2";
			};
			name = Release;
		};
		D869D10D25BA202A001CEF99 /* Debug */ = {
			isa = XCBuildConfiguration;
			buildSettings = {
				CLANG_ENABLE_MODULES = YES;
				CODE_SIGN_STYLE = Automatic;
				COMBINE_HIDPI_IMAGES = YES;
				CURRENT_PROJECT_VERSION = 1;
				DEFINES_MODULE = YES;
				DEVELOPMENT_TEAM = 3SNY4A7B39;
				DYLIB_COMPATIBILITY_VERSION = 1;
				DYLIB_CURRENT_VERSION = 1;
				DYLIB_INSTALL_NAME_BASE = "@rpath";
				INFOPLIST_FILE = PokemonDomain/Info.plist;
				INSTALL_PATH = "$(LOCAL_LIBRARY_DIR)/Frameworks";
				LD_RUNPATH_SEARCH_PATHS = (
					"$(inherited)",
					"@executable_path/../Frameworks",
					"@loader_path/Frameworks",
				);
				MACH_O_TYPE = staticlib;
				MACOSX_DEPLOYMENT_TARGET = 10.15;
				PRODUCT_BUNDLE_IDENTIFIER = com.viniciusLeal.PokemonDomain;
				PRODUCT_NAME = "$(TARGET_NAME:c99extidentifier)";
				SDKROOT = macosx;
				SKIP_INSTALL = YES;
				SUPPORTED_PLATFORMS = "macosx iphonesimulator iphoneos";
				SWIFT_OPTIMIZATION_LEVEL = "-Onone";
				SWIFT_VERSION = 5.0;
				VERSIONING_SYSTEM = "apple-generic";
				VERSION_INFO_PREFIX = "";
			};
			name = Debug;
		};
		D869D10E25BA202A001CEF99 /* Release */ = {
			isa = XCBuildConfiguration;
			buildSettings = {
				CLANG_ENABLE_MODULES = YES;
				CODE_SIGN_STYLE = Automatic;
				COMBINE_HIDPI_IMAGES = YES;
				CURRENT_PROJECT_VERSION = 1;
				DEFINES_MODULE = YES;
				DEVELOPMENT_TEAM = 3SNY4A7B39;
				DYLIB_COMPATIBILITY_VERSION = 1;
				DYLIB_CURRENT_VERSION = 1;
				DYLIB_INSTALL_NAME_BASE = "@rpath";
				INFOPLIST_FILE = PokemonDomain/Info.plist;
				INSTALL_PATH = "$(LOCAL_LIBRARY_DIR)/Frameworks";
				LD_RUNPATH_SEARCH_PATHS = (
					"$(inherited)",
					"@executable_path/../Frameworks",
					"@loader_path/Frameworks",
				);
				MACH_O_TYPE = staticlib;
				MACOSX_DEPLOYMENT_TARGET = 10.15;
				PRODUCT_BUNDLE_IDENTIFIER = com.viniciusLeal.PokemonDomain;
				PRODUCT_NAME = "$(TARGET_NAME:c99extidentifier)";
				SDKROOT = macosx;
				SKIP_INSTALL = YES;
				SUPPORTED_PLATFORMS = "macosx iphonesimulator iphoneos";
				SWIFT_VERSION = 5.0;
				VERSIONING_SYSTEM = "apple-generic";
				VERSION_INFO_PREFIX = "";
			};
			name = Release;
		};
		D869D11025BA202A001CEF99 /* Debug */ = {
			isa = XCBuildConfiguration;
			buildSettings = {
				ALWAYS_EMBED_SWIFT_STANDARD_LIBRARIES = YES;
				CODE_SIGN_STYLE = Automatic;
				COMBINE_HIDPI_IMAGES = YES;
				DEVELOPMENT_TEAM = 3SNY4A7B39;
				INFOPLIST_FILE = PokemonDomainTests/Info.plist;
				LD_RUNPATH_SEARCH_PATHS = (
					"$(inherited)",
					"@executable_path/../Frameworks",
					"@loader_path/../Frameworks",
				);
				MACOSX_DEPLOYMENT_TARGET = 10.15;
				PRODUCT_BUNDLE_IDENTIFIER = com.viniciusLeal.PokemonDomainTests;
				PRODUCT_NAME = "$(TARGET_NAME)";
				SDKROOT = macosx;
				SUPPORTED_PLATFORMS = "macosx iphonesimulator iphoneos";
				SWIFT_VERSION = 5.0;
			};
			name = Debug;
		};
		D869D11125BA202A001CEF99 /* Release */ = {
			isa = XCBuildConfiguration;
			buildSettings = {
				ALWAYS_EMBED_SWIFT_STANDARD_LIBRARIES = YES;
				CODE_SIGN_STYLE = Automatic;
				COMBINE_HIDPI_IMAGES = YES;
				DEVELOPMENT_TEAM = 3SNY4A7B39;
				INFOPLIST_FILE = PokemonDomainTests/Info.plist;
				LD_RUNPATH_SEARCH_PATHS = (
					"$(inherited)",
					"@executable_path/../Frameworks",
					"@loader_path/../Frameworks",
				);
				MACOSX_DEPLOYMENT_TARGET = 10.15;
				PRODUCT_BUNDLE_IDENTIFIER = com.viniciusLeal.PokemonDomainTests;
				PRODUCT_NAME = "$(TARGET_NAME)";
				SDKROOT = macosx;
				SUPPORTED_PLATFORMS = "macosx iphonesimulator iphoneos";
				SWIFT_VERSION = 5.0;
			};
			name = Release;
		};
		D8AB3FFF2582C9FD006AC67B /* Debug */ = {
			isa = XCBuildConfiguration;
			buildSettings = {
				BUNDLE_LOADER = "$(TEST_HOST)";
				CODE_SIGN_STYLE = Automatic;
				DEVELOPMENT_TEAM = 3SNY4A7B39;
				INFOPLIST_FILE = PokedexSnapshotTests/Info.plist;
				IPHONEOS_DEPLOYMENT_TARGET = 14.0;
				LD_RUNPATH_SEARCH_PATHS = (
					"$(inherited)",
					"@executable_path/Frameworks",
					"@loader_path/Frameworks",
				);
				PRODUCT_BUNDLE_IDENTIFIER = com.viniciusLeal.PokedexSnapshotTests;
				PRODUCT_NAME = "$(TARGET_NAME)";
				SUPPORTED_PLATFORMS = "iphonesimulator iphoneos macosx";
				SWIFT_VERSION = 5.0;
				TARGETED_DEVICE_FAMILY = "1,2";
				TEST_HOST = "$(BUILT_PRODUCTS_DIR)/Pokedex.app/Pokedex";
			};
			name = Debug;
		};
		D8AB40002582C9FD006AC67B /* Release */ = {
			isa = XCBuildConfiguration;
			buildSettings = {
				BUNDLE_LOADER = "$(TEST_HOST)";
				CODE_SIGN_STYLE = Automatic;
				DEVELOPMENT_TEAM = 3SNY4A7B39;
				INFOPLIST_FILE = PokedexSnapshotTests/Info.plist;
				IPHONEOS_DEPLOYMENT_TARGET = 14.0;
				LD_RUNPATH_SEARCH_PATHS = (
					"$(inherited)",
					"@executable_path/Frameworks",
					"@loader_path/Frameworks",
				);
				PRODUCT_BUNDLE_IDENTIFIER = com.viniciusLeal.PokedexSnapshotTests;
				PRODUCT_NAME = "$(TARGET_NAME)";
				SUPPORTED_PLATFORMS = "iphonesimulator iphoneos macosx";
				SWIFT_VERSION = 5.0;
				TARGETED_DEVICE_FAMILY = "1,2";
				TEST_HOST = "$(BUILT_PRODUCTS_DIR)/Pokedex.app/Pokedex";
			};
			name = Release;
		};
/* End XCBuildConfiguration section */

/* Begin XCConfigurationList section */
		8F3E9641242BF6ED00DCD62D /* Build configuration list for PBXProject "Pokedex" */ = {
			isa = XCConfigurationList;
			buildConfigurations = (
				8F3E9663242BF6F200DCD62D /* Debug */,
				8F3E9664242BF6F200DCD62D /* Release */,
			);
			defaultConfigurationIsVisible = 0;
			defaultConfigurationName = Release;
		};
		8F3E9665242BF6F200DCD62D /* Build configuration list for PBXNativeTarget "Pokedex" */ = {
			isa = XCConfigurationList;
			buildConfigurations = (
				8F3E9666242BF6F200DCD62D /* Debug */,
				8F3E9667242BF6F200DCD62D /* Release */,
			);
			defaultConfigurationIsVisible = 0;
			defaultConfigurationName = Release;
		};
		8F3E9668242BF6F200DCD62D /* Build configuration list for PBXNativeTarget "PokedexTests" */ = {
			isa = XCConfigurationList;
			buildConfigurations = (
				8F3E9669242BF6F200DCD62D /* Debug */,
				8F3E966A242BF6F200DCD62D /* Release */,
			);
			defaultConfigurationIsVisible = 0;
			defaultConfigurationName = Release;
		};
		8F7B09E52430A54A003377F0 /* Build configuration list for PBXNativeTarget "PokedexEndToEndTests" */ = {
			isa = XCConfigurationList;
			buildConfigurations = (
				8F7B09E62430A54A003377F0 /* Debug */,
				8F7B09E72430A54A003377F0 /* Release */,
			);
			defaultConfigurationIsVisible = 0;
			defaultConfigurationName = Release;
		};
		D834915D25BE04FB00E13A9F /* Build configuration list for PBXNativeTarget "PokeWidgetExtension" */ = {
			isa = XCConfigurationList;
			buildConfigurations = (
				D834915E25BE04FB00E13A9F /* Debug */,
				D834915F25BE04FB00E13A9F /* Release */,
			);
			defaultConfigurationIsVisible = 0;
			defaultConfigurationName = Release;
		};
		D869D10C25BA202A001CEF99 /* Build configuration list for PBXNativeTarget "PokemonDomain" */ = {
			isa = XCConfigurationList;
			buildConfigurations = (
				D869D10D25BA202A001CEF99 /* Debug */,
				D869D10E25BA202A001CEF99 /* Release */,
			);
			defaultConfigurationIsVisible = 0;
			defaultConfigurationName = Release;
		};
		D869D10F25BA202A001CEF99 /* Build configuration list for PBXNativeTarget "PokemonDomainTests" */ = {
			isa = XCConfigurationList;
			buildConfigurations = (
				D869D11025BA202A001CEF99 /* Debug */,
				D869D11125BA202A001CEF99 /* Release */,
			);
			defaultConfigurationIsVisible = 0;
			defaultConfigurationName = Release;
		};
		D8AB40012582C9FD006AC67B /* Build configuration list for PBXNativeTarget "PokedexSnapshotTests" */ = {
			isa = XCConfigurationList;
			buildConfigurations = (
				D8AB3FFF2582C9FD006AC67B /* Debug */,
				D8AB40002582C9FD006AC67B /* Release */,
			);
			defaultConfigurationIsVisible = 0;
			defaultConfigurationName = Release;
		};
/* End XCConfigurationList section */

/* Begin XCRemoteSwiftPackageReference section */
		D834904525BCD20500E13A9F /* XCRemoteSwiftPackageReference "Alamofire" */ = {
			isa = XCRemoteSwiftPackageReference;
			repositoryURL = "https://github.com/Alamofire/Alamofire.git";
			requirement = {
				kind = upToNextMajorVersion;
				minimumVersion = 5.4.1;
			};
		};
		D834910625BCD85D00E13A9F /* XCRemoteSwiftPackageReference "AccessibilitySnapshot" */ = {
			isa = XCRemoteSwiftPackageReference;
			repositoryURL = "https://github.com/cashapp/AccessibilitySnapshot.git";
			requirement = {
				kind = upToNextMajorVersion;
				minimumVersion = 0.4.1;
			};
		};
/* End XCRemoteSwiftPackageReference section */

/* Begin XCSwiftPackageProductDependency section */
		D834904625BCD20500E13A9F /* Alamofire */ = {
			isa = XCSwiftPackageProductDependency;
			package = D834904525BCD20500E13A9F /* XCRemoteSwiftPackageReference "Alamofire" */;
			productName = Alamofire;
		};
		D834910725BCD85D00E13A9F /* AccessibilitySnapshot */ = {
			isa = XCSwiftPackageProductDependency;
			package = D834910625BCD85D00E13A9F /* XCRemoteSwiftPackageReference "AccessibilitySnapshot" */;
			productName = AccessibilitySnapshot;
		};
/* End XCSwiftPackageProductDependency section */
	};
	rootObject = 8F3E963E242BF6ED00DCD62D /* Project object */;
}
