{
  "object": {
    "pins": [
      {
        "package": "AccessibilitySnapshot",
        "repositoryURL": "https://github.com/cashapp/AccessibilitySnapshot.git",
        "state": {
          "branch": null,
          "revision": "fb797dda564408b7da23349b25d192339402286e",
          "version": "0.4.1"
        }
      },
      {
        "package": "Alamofire",
        "repositoryURL": "https://github.com/Alamofire/Alamofire.git",
        "state": {
          "branch": null,
          "revision": "eaf6e622dd41b07b251d8f01752eab31bc811493",
          "version": "5.4.1"
        }
      },
      {
        "package": "SnapshotTesting",
        "repositoryURL": "https://github.com/pointfreeco/swift-snapshot-testing.git",
        "state": {
          "branch": null,
          "revision": "c466812aa2e22898f27557e2e780d3aad7a27203",
          "version": "1.8.2"
        }
      }
    ]
  },
  "version": 1
}
